// !$*UTF8*$!
{
	archiveVersion = 1;
	classes = {
	};
	objectVersion = 51;
	objects = {

/* Begin PBXBuildFile section */
		075C45B442ACEBD21B45F35B /* Pods_YJTests.framework in Frameworks */ = {isa = PBXBuildFile; fileRef = 7B89D6251BF7DABC027F93FC /* Pods_YJTests.framework */; };
		51AD74FC265A0928008DFDF8 /* LoginViewController.m in Sources */ = {isa = PBXBuildFile; fileRef = 51AD74FA265A0928008DFDF8 /* LoginViewController.m */; };
		51AD74FD265A0928008DFDF8 /* LoginViewController.xib in Resources */ = {isa = PBXBuildFile; fileRef = 51AD74FB265A0928008DFDF8 /* LoginViewController.xib */; };
		51AD7500265A2104008DFDF8 /* YJJSONModel.m in Sources */ = {isa = PBXBuildFile; fileRef = 51AD74FF265A2104008DFDF8 /* YJJSONModel.m */; };
		51AD7503265A4351008DFDF8 /* HomeModel.m in Sources */ = {isa = PBXBuildFile; fileRef = 51AD7502265A4351008DFDF8 /* HomeModel.m */; };
		51AD7507265A60A7008DFDF8 /* YJPlayMager.m in Sources */ = {isa = PBXBuildFile; fileRef = 51AD7506265A60A7008DFDF8 /* YJPlayMager.m */; };
		51AD750B265A6966008DFDF8 /* HHToastAlertView.m in Sources */ = {isa = PBXBuildFile; fileRef = 51AD7509265A6966008DFDF8 /* HHToastAlertView.m */; };
		51AD7510265A9064008DFDF8 /* AppDelegate+UI.m in Sources */ = {isa = PBXBuildFile; fileRef = 51AD750C265A9064008DFDF8 /* AppDelegate+UI.m */; };
		51AD7511265A9064008DFDF8 /* AppDelegate+Config.m in Sources */ = {isa = PBXBuildFile; fileRef = 51AD750D265A9064008DFDF8 /* AppDelegate+Config.m */; };
		51AD7514265A9175008DFDF8 /* HHNetworkConfig.m in Sources */ = {isa = PBXBuildFile; fileRef = 51AD7513265A9175008DFDF8 /* HHNetworkConfig.m */; };
		51AD751B265A9B1F008DFDF8 /* SCDeveloperTableViewCell.m in Sources */ = {isa = PBXBuildFile; fileRef = 51AD7519265A9B1F008DFDF8 /* SCDeveloperTableViewCell.m */; };
		51AD751E265A9C01008DFDF8 /* SCDeveloperHFView.m in Sources */ = {isa = PBXBuildFile; fileRef = 51AD751C265A9C01008DFDF8 /* SCDeveloperHFView.m */; };
		51AD7531265AA3F0008DFDF8 /* HHDeveloperViewController.m in Sources */ = {isa = PBXBuildFile; fileRef = 51AD7530265AA3F0008DFDF8 /* HHDeveloperViewController.m */; };
		51AD7536265AACF0008DFDF8 /* AppDelegate+JPush.m in Sources */ = {isa = PBXBuildFile; fileRef = 51AD7535265AACF0008DFDF8 /* AppDelegate+JPush.m */; };
		51B5EBE326596FD500F86225 /* HHConstUrl.m in Sources */ = {isa = PBXBuildFile; fileRef = 51B5EBE226596FD500F86225 /* HHConstUrl.m */; };
		51B5EBE6265971D800F86225 /* HomeCategoryViewController.m in Sources */ = {isa = PBXBuildFile; fileRef = 51B5EBE5265971D800F86225 /* HomeCategoryViewController.m */; };
		51B5EBF92659E6B600F86225 /* YJLoginManager.m in Sources */ = {isa = PBXBuildFile; fileRef = 51B5EBF82659E6B600F86225 /* YJLoginManager.m */; };
		51B5EC142659E71800F86225 /* BaseCell.m in Sources */ = {isa = PBXBuildFile; fileRef = 51B5EBFB2659E71800F86225 /* BaseCell.m */; };
		51B5EC152659E71800F86225 /* BaseWebViewController.m in Sources */ = {isa = PBXBuildFile; fileRef = 51B5EBFE2659E71800F86225 /* BaseWebViewController.m */; };
		51B5EC162659E71800F86225 /* BaseNavViewController.m in Sources */ = {isa = PBXBuildFile; fileRef = 51B5EBFF2659E71800F86225 /* BaseNavViewController.m */; };
		51B5EC172659E71800F86225 /* BaseTabBarViewController.m in Sources */ = {isa = PBXBuildFile; fileRef = 51B5EC002659E71800F86225 /* BaseTabBarViewController.m */; };
		51B5EC182659E71800F86225 /* BaseUIViewController.m in Sources */ = {isa = PBXBuildFile; fileRef = 51B5EC012659E71800F86225 /* BaseUIViewController.m */; };
		51B5EC192659E71800F86225 /* BaseTableViewController.m in Sources */ = {isa = PBXBuildFile; fileRef = 51B5EC022659E71800F86225 /* BaseTableViewController.m */; };
		51B5EC1A2659E71800F86225 /* BaseTableViewController+PageStatus.m in Sources */ = {isa = PBXBuildFile; fileRef = 51B5EC032659E71800F86225 /* BaseTableViewController+PageStatus.m */; };
		51B5EC1B2659E71800F86225 /* BaseViewModel.m in Sources */ = {isa = PBXBuildFile; fileRef = 51B5EC0B2659E71800F86225 /* BaseViewModel.m */; };
		51B5EC1C2659E71800F86225 /* BaseModel.m in Sources */ = {isa = PBXBuildFile; fileRef = 51B5EC102659E71800F86225 /* BaseModel.m */; };
		51B5EC212659E87A00F86225 /* UITableView+LYRefresh.m in Sources */ = {isa = PBXBuildFile; fileRef = 51B5EC202659E87A00F86225 /* UITableView+LYRefresh.m */; };
		51B5EC242659E8A100F86225 /* HHConst.m in Sources */ = {isa = PBXBuildFile; fileRef = 51B5EC222659E8A000F86225 /* HHConst.m */; };
		51B5EC282659E91200F86225 /* HHRefreshFactory.m in Sources */ = {isa = PBXBuildFile; fileRef = 51B5EC272659E91200F86225 /* HHRefreshFactory.m */; };
		51B5EC2B2659E96300F86225 /* HHTableView.m in Sources */ = {isa = PBXBuildFile; fileRef = 51B5EC292659E96300F86225 /* HHTableView.m */; };
		51B5EC322659EC7D00F86225 /* UserCenterCell.m in Sources */ = {isa = PBXBuildFile; fileRef = 51B5EC302659EC7D00F86225 /* UserCenterCell.m */; };
		51B5EC332659EC7D00F86225 /* UserCenterCell.xib in Resources */ = {isa = PBXBuildFile; fileRef = 51B5EC312659EC7D00F86225 /* UserCenterCell.xib */; };
		51B5EC372659ED9B00F86225 /* UserCenterViewController.m in Sources */ = {isa = PBXBuildFile; fileRef = 51B5EC352659ED9B00F86225 /* UserCenterViewController.m */; };
		51B5EC3B2659F10200F86225 /* MineModel.m in Sources */ = {isa = PBXBuildFile; fileRef = 51B5EC3A2659F10200F86225 /* MineModel.m */; };
		51B5EC3E2659F6D300F86225 /* UserCenterHeaderView.m in Sources */ = {isa = PBXBuildFile; fileRef = 51B5EC3D2659F6D300F86225 /* UserCenterHeaderView.m */; };
		51B5EC402659F6F000F86225 /* UserCenterHeaderView.xib in Resources */ = {isa = PBXBuildFile; fileRef = 51B5EC3F2659F6F000F86225 /* UserCenterHeaderView.xib */; };
		51B5EC432659FADB00F86225 /* UserInfoModel.m in Sources */ = {isa = PBXBuildFile; fileRef = 51B5EC422659FADB00F86225 /* UserInfoModel.m */; };
		51B5EC4B2659FCB600F86225 /* HHSharedStorage.m in Sources */ = {isa = PBXBuildFile; fileRef = 51B5EC452659FCB600F86225 /* HHSharedStorage.m */; };
		51B5EC4C2659FCB600F86225 /* HHKeyValueStorage.m in Sources */ = {isa = PBXBuildFile; fileRef = 51B5EC462659FCB600F86225 /* HHKeyValueStorage.m */; };
		51B5EC4D2659FCB600F86225 /* HHAppStorage.m in Sources */ = {isa = PBXBuildFile; fileRef = 51B5EC472659FCB600F86225 /* HHAppStorage.m */; };
		775E511ADDD753C430ACD9C5 /* Pods_YJ.framework in Frameworks */ = {isa = PBXBuildFile; fileRef = 4C34FE3E98CD8D003D2649E4 /* Pods_YJ.framework */; };
		7805BB1D26580F8300A5D121 /* AppDelegate.m in Sources */ = {isa = PBXBuildFile; fileRef = 7805BB1C26580F8300A5D121 /* AppDelegate.m */; };
		7805BB2826580F8400A5D121 /* Assets.xcassets in Resources */ = {isa = PBXBuildFile; fileRef = 7805BB2726580F8400A5D121 /* Assets.xcassets */; };
		7805BB2B26580F8400A5D121 /* LaunchScreen.storyboard in Resources */ = {isa = PBXBuildFile; fileRef = 7805BB2926580F8400A5D121 /* LaunchScreen.storyboard */; };
		7805BB2E26580F8400A5D121 /* main.m in Sources */ = {isa = PBXBuildFile; fileRef = 7805BB2D26580F8400A5D121 /* main.m */; };
		7805BB3826580F8500A5D121 /* YJTests.m in Sources */ = {isa = PBXBuildFile; fileRef = 7805BB3726580F8500A5D121 /* YJTests.m */; };
		7805BB4326580F8500A5D121 /* YJUITests.m in Sources */ = {isa = PBXBuildFile; fileRef = 7805BB4226580F8500A5D121 /* YJUITests.m */; };
		7805BBBD26581DDD00A5D121 /* Foundation+SCCategory.m in Sources */ = {isa = PBXBuildFile; fileRef = 7805BBB826581DDD00A5D121 /* Foundation+SCCategory.m */; };
		7805BBBE26581DDD00A5D121 /* UIView+Category.m in Sources */ = {isa = PBXBuildFile; fileRef = 7805BBB926581DDD00A5D121 /* UIView+Category.m */; };
		7805BBE62658213E00A5D121 /* HHHudManager.m in Sources */ = {isa = PBXBuildFile; fileRef = 7805BBE42658213E00A5D121 /* HHHudManager.m */; };
		7805BBF7265895A600A5D121 /* HTTPRequest+NotLogin.m in Sources */ = {isa = PBXBuildFile; fileRef = 7805BBF0265895A600A5D121 /* HTTPRequest+NotLogin.m */; };
		7805BBF8265895A600A5D121 /* HTTPRequest.m in Sources */ = {isa = PBXBuildFile; fileRef = 7805BBF1265895A600A5D121 /* HTTPRequest.m */; };
		7805BBF9265895A600A5D121 /* AFHTTPSessionManager+Config.m in Sources */ = {isa = PBXBuildFile; fileRef = 7805BBF2265895A600A5D121 /* AFHTTPSessionManager+Config.m */; };
		7805BC15265898CB00A5D121 /* HHDefaultValue.m in Sources */ = {isa = PBXBuildFile; fileRef = 7805BC14265898CA00A5D121 /* HHDefaultValue.m */; };
		7805BC442658A5A800A5D121 /* HomeCell.m in Sources */ = {isa = PBXBuildFile; fileRef = 7805BC422658A5A800A5D121 /* HomeCell.m */; };
		7805BC452658A5A800A5D121 /* HomeCell.xib in Resources */ = {isa = PBXBuildFile; fileRef = 7805BC432658A5A800A5D121 /* HomeCell.xib */; };
		7805BC4B2658CA8D00A5D121 /* HomeViewController.m in Sources */ = {isa = PBXBuildFile; fileRef = 7805BC4A2658CA8D00A5D121 /* HomeViewController.m */; };
		839E4C88E2C468C7E63416C2 /* Pods_YJ_YJUITests.framework in Frameworks */ = {isa = PBXBuildFile; fileRef = 1C4FDA5095297AF6529B1AF0 /* Pods_YJ_YJUITests.framework */; };
/* End PBXBuildFile section */

/* Begin PBXContainerItemProxy section */
		7805BB3426580F8500A5D121 /* PBXContainerItemProxy */ = {
			isa = PBXContainerItemProxy;
			containerPortal = 7805BB1026580F8300A5D121 /* Project object */;
			proxyType = 1;
			remoteGlobalIDString = 7805BB1726580F8300A5D121;
			remoteInfo = YJ;
		};
		7805BB3F26580F8500A5D121 /* PBXContainerItemProxy */ = {
			isa = PBXContainerItemProxy;
			containerPortal = 7805BB1026580F8300A5D121 /* Project object */;
			proxyType = 1;
			remoteGlobalIDString = 7805BB1726580F8300A5D121;
			remoteInfo = YJ;
		};
/* End PBXContainerItemProxy section */

/* Begin PBXFileReference section */
		08DDF0EF3FFD25361D6D372C /* Pods-YJTests.debug.xcconfig */ = {isa = PBXFileReference; includeInIndex = 1; lastKnownFileType = text.xcconfig; name = "Pods-YJTests.debug.xcconfig"; path = "Target Support Files/Pods-YJTests/Pods-YJTests.debug.xcconfig"; sourceTree = "<group>"; };
		1C4FDA5095297AF6529B1AF0 /* Pods_YJ_YJUITests.framework */ = {isa = PBXFileReference; explicitFileType = wrapper.framework; includeInIndex = 0; path = Pods_YJ_YJUITests.framework; sourceTree = BUILT_PRODUCTS_DIR; };
		1E1790B1C974E326113C7CC0 /* Pods-YJ.release.xcconfig */ = {isa = PBXFileReference; includeInIndex = 1; lastKnownFileType = text.xcconfig; name = "Pods-YJ.release.xcconfig"; path = "Target Support Files/Pods-YJ/Pods-YJ.release.xcconfig"; sourceTree = "<group>"; };
		4C34FE3E98CD8D003D2649E4 /* Pods_YJ.framework */ = {isa = PBXFileReference; explicitFileType = wrapper.framework; includeInIndex = 0; path = Pods_YJ.framework; sourceTree = BUILT_PRODUCTS_DIR; };
		51AD74F9265A0928008DFDF8 /* LoginViewController.h */ = {isa = PBXFileReference; lastKnownFileType = sourcecode.c.h; path = LoginViewController.h; sourceTree = "<group>"; };
		51AD74FA265A0928008DFDF8 /* LoginViewController.m */ = {isa = PBXFileReference; lastKnownFileType = sourcecode.c.objc; path = LoginViewController.m; sourceTree = "<group>"; };
		51AD74FB265A0928008DFDF8 /* LoginViewController.xib */ = {isa = PBXFileReference; lastKnownFileType = file.xib; path = LoginViewController.xib; sourceTree = "<group>"; };
		51AD74FE265A2104008DFDF8 /* YJJSONModel.h */ = {isa = PBXFileReference; lastKnownFileType = sourcecode.c.h; path = YJJSONModel.h; sourceTree = "<group>"; };
		51AD74FF265A2104008DFDF8 /* YJJSONModel.m */ = {isa = PBXFileReference; lastKnownFileType = sourcecode.c.objc; path = YJJSONModel.m; sourceTree = "<group>"; };
		51AD7501265A4351008DFDF8 /* HomeModel.h */ = {isa = PBXFileReference; lastKnownFileType = sourcecode.c.h; path = HomeModel.h; sourceTree = "<group>"; };
		51AD7502265A4351008DFDF8 /* HomeModel.m */ = {isa = PBXFileReference; lastKnownFileType = sourcecode.c.objc; path = HomeModel.m; sourceTree = "<group>"; };
		51AD7505265A60A7008DFDF8 /* YJPlayMager.h */ = {isa = PBXFileReference; lastKnownFileType = sourcecode.c.h; path = YJPlayMager.h; sourceTree = "<group>"; };
		51AD7506265A60A7008DFDF8 /* YJPlayMager.m */ = {isa = PBXFileReference; lastKnownFileType = sourcecode.c.objc; path = YJPlayMager.m; sourceTree = "<group>"; };
		51AD7509265A6966008DFDF8 /* HHToastAlertView.m */ = {isa = PBXFileReference; fileEncoding = 4; lastKnownFileType = sourcecode.c.objc; path = HHToastAlertView.m; sourceTree = "<group>"; };
		51AD750A265A6966008DFDF8 /* HHToastAlertView.h */ = {isa = PBXFileReference; fileEncoding = 4; lastKnownFileType = sourcecode.c.h; path = HHToastAlertView.h; sourceTree = "<group>"; };
		51AD750C265A9064008DFDF8 /* AppDelegate+UI.m */ = {isa = PBXFileReference; fileEncoding = 4; lastKnownFileType = sourcecode.c.objc; path = "AppDelegate+UI.m"; sourceTree = "<group>"; };
		51AD750D265A9064008DFDF8 /* AppDelegate+Config.m */ = {isa = PBXFileReference; fileEncoding = 4; lastKnownFileType = sourcecode.c.objc; path = "AppDelegate+Config.m"; sourceTree = "<group>"; };
		51AD750E265A9064008DFDF8 /* AppDelegate+Config.h */ = {isa = PBXFileReference; fileEncoding = 4; lastKnownFileType = sourcecode.c.h; path = "AppDelegate+Config.h"; sourceTree = "<group>"; };
		51AD750F265A9064008DFDF8 /* AppDelegate+UI.h */ = {isa = PBXFileReference; fileEncoding = 4; lastKnownFileType = sourcecode.c.h; path = "AppDelegate+UI.h"; sourceTree = "<group>"; };
		51AD7512265A9175008DFDF8 /* HHNetworkConfig.h */ = {isa = PBXFileReference; lastKnownFileType = sourcecode.c.h; path = HHNetworkConfig.h; sourceTree = "<group>"; };
		51AD7513265A9175008DFDF8 /* HHNetworkConfig.m */ = {isa = PBXFileReference; lastKnownFileType = sourcecode.c.objc; path = HHNetworkConfig.m; sourceTree = "<group>"; };
		51AD7516265A9A7D008DFDF8 /* HHDeveloperViewController.h */ = {isa = PBXFileReference; lastKnownFileType = sourcecode.c.h; path = HHDeveloperViewController.h; sourceTree = "<group>"; };
		51AD7519265A9B1F008DFDF8 /* SCDeveloperTableViewCell.m */ = {isa = PBXFileReference; fileEncoding = 4; lastKnownFileType = sourcecode.c.objc; path = SCDeveloperTableViewCell.m; sourceTree = "<group>"; };
		51AD751A265A9B1F008DFDF8 /* SCDeveloperTableViewCell.h */ = {isa = PBXFileReference; fileEncoding = 4; lastKnownFileType = sourcecode.c.h; path = SCDeveloperTableViewCell.h; sourceTree = "<group>"; };
		51AD751C265A9C01008DFDF8 /* SCDeveloperHFView.m */ = {isa = PBXFileReference; fileEncoding = 4; lastKnownFileType = sourcecode.c.objc; path = SCDeveloperHFView.m; sourceTree = "<group>"; };
		51AD751D265A9C01008DFDF8 /* SCDeveloperHFView.h */ = {isa = PBXFileReference; fileEncoding = 4; lastKnownFileType = sourcecode.c.h; path = SCDeveloperHFView.h; sourceTree = "<group>"; };
		51AD7530265AA3F0008DFDF8 /* HHDeveloperViewController.m */ = {isa = PBXFileReference; fileEncoding = 4; lastKnownFileType = sourcecode.c.objc; path = HHDeveloperViewController.m; sourceTree = "<group>"; };
		51AD7534265AACF0008DFDF8 /* AppDelegate+JPush.h */ = {isa = PBXFileReference; lastKnownFileType = sourcecode.c.h; path = "AppDelegate+JPush.h"; sourceTree = "<group>"; };
		51AD7535265AACF0008DFDF8 /* AppDelegate+JPush.m */ = {isa = PBXFileReference; lastKnownFileType = sourcecode.c.objc; path = "AppDelegate+JPush.m"; sourceTree = "<group>"; };
		51B5EBE126596FD500F86225 /* HHConstUrl.h */ = {isa = PBXFileReference; fileEncoding = 4; lastKnownFileType = sourcecode.c.h; path = HHConstUrl.h; sourceTree = "<group>"; };
		51B5EBE226596FD500F86225 /* HHConstUrl.m */ = {isa = PBXFileReference; fileEncoding = 4; lastKnownFileType = sourcecode.c.objc; path = HHConstUrl.m; sourceTree = "<group>"; };
		51B5EBE4265971D800F86225 /* HomeCategoryViewController.h */ = {isa = PBXFileReference; lastKnownFileType = sourcecode.c.h; path = HomeCategoryViewController.h; sourceTree = "<group>"; };
		51B5EBE5265971D800F86225 /* HomeCategoryViewController.m */ = {isa = PBXFileReference; lastKnownFileType = sourcecode.c.objc; path = HomeCategoryViewController.m; sourceTree = "<group>"; };
		51B5EBF72659E6B600F86225 /* YJLoginManager.h */ = {isa = PBXFileReference; lastKnownFileType = sourcecode.c.h; path = YJLoginManager.h; sourceTree = "<group>"; };
		51B5EBF82659E6B600F86225 /* YJLoginManager.m */ = {isa = PBXFileReference; lastKnownFileType = sourcecode.c.objc; path = YJLoginManager.m; sourceTree = "<group>"; };
		51B5EBFB2659E71800F86225 /* BaseCell.m */ = {isa = PBXFileReference; fileEncoding = 4; lastKnownFileType = sourcecode.c.objc; path = BaseCell.m; sourceTree = "<group>"; };
		51B5EBFC2659E71800F86225 /* BaseCell.h */ = {isa = PBXFileReference; fileEncoding = 4; lastKnownFileType = sourcecode.c.h; path = BaseCell.h; sourceTree = "<group>"; };
		51B5EBFE2659E71800F86225 /* BaseWebViewController.m */ = {isa = PBXFileReference; fileEncoding = 4; lastKnownFileType = sourcecode.c.objc; path = BaseWebViewController.m; sourceTree = "<group>"; };
		51B5EBFF2659E71800F86225 /* BaseNavViewController.m */ = {isa = PBXFileReference; fileEncoding = 4; lastKnownFileType = sourcecode.c.objc; path = BaseNavViewController.m; sourceTree = "<group>"; };
		51B5EC002659E71800F86225 /* BaseTabBarViewController.m */ = {isa = PBXFileReference; fileEncoding = 4; lastKnownFileType = sourcecode.c.objc; path = BaseTabBarViewController.m; sourceTree = "<group>"; };
		51B5EC012659E71800F86225 /* BaseUIViewController.m */ = {isa = PBXFileReference; fileEncoding = 4; lastKnownFileType = sourcecode.c.objc; path = BaseUIViewController.m; sourceTree = "<group>"; };
		51B5EC022659E71800F86225 /* BaseTableViewController.m */ = {isa = PBXFileReference; fileEncoding = 4; lastKnownFileType = sourcecode.c.objc; path = BaseTableViewController.m; sourceTree = "<group>"; };
		51B5EC032659E71800F86225 /* BaseTableViewController+PageStatus.m */ = {isa = PBXFileReference; fileEncoding = 4; lastKnownFileType = sourcecode.c.objc; path = "BaseTableViewController+PageStatus.m"; sourceTree = "<group>"; };
		51B5EC042659E71800F86225 /* BaseTabBarViewController.h */ = {isa = PBXFileReference; fileEncoding = 4; lastKnownFileType = sourcecode.c.h; path = BaseTabBarViewController.h; sourceTree = "<group>"; };
		51B5EC052659E71800F86225 /* BaseNavViewController.h */ = {isa = PBXFileReference; fileEncoding = 4; lastKnownFileType = sourcecode.c.h; path = BaseNavViewController.h; sourceTree = "<group>"; };
		51B5EC062659E71800F86225 /* BaseWebViewController.h */ = {isa = PBXFileReference; fileEncoding = 4; lastKnownFileType = sourcecode.c.h; path = BaseWebViewController.h; sourceTree = "<group>"; };
		51B5EC072659E71800F86225 /* BaseTableViewController.h */ = {isa = PBXFileReference; fileEncoding = 4; lastKnownFileType = sourcecode.c.h; path = BaseTableViewController.h; sourceTree = "<group>"; };
		51B5EC082659E71800F86225 /* BaseUIViewController.h */ = {isa = PBXFileReference; fileEncoding = 4; lastKnownFileType = sourcecode.c.h; path = BaseUIViewController.h; sourceTree = "<group>"; };
		51B5EC092659E71800F86225 /* BaseTableViewController+PageStatus.h */ = {isa = PBXFileReference; fileEncoding = 4; lastKnownFileType = sourcecode.c.h; path = "BaseTableViewController+PageStatus.h"; sourceTree = "<group>"; };
		51B5EC0B2659E71800F86225 /* BaseViewModel.m */ = {isa = PBXFileReference; fileEncoding = 4; lastKnownFileType = sourcecode.c.objc; path = BaseViewModel.m; sourceTree = "<group>"; };
		51B5EC0C2659E71800F86225 /* BaseViewModel.h */ = {isa = PBXFileReference; fileEncoding = 4; lastKnownFileType = sourcecode.c.h; path = BaseViewModel.h; sourceTree = "<group>"; };
		51B5EC102659E71800F86225 /* BaseModel.m */ = {isa = PBXFileReference; fileEncoding = 4; lastKnownFileType = sourcecode.c.objc; path = BaseModel.m; sourceTree = "<group>"; };
		51B5EC132659E71800F86225 /* BaseModel.h */ = {isa = PBXFileReference; fileEncoding = 4; lastKnownFileType = sourcecode.c.h; path = BaseModel.h; sourceTree = "<group>"; };
		51B5EC1F2659E87A00F86225 /* UITableView+LYRefresh.h */ = {isa = PBXFileReference; fileEncoding = 4; lastKnownFileType = sourcecode.c.h; path = "UITableView+LYRefresh.h"; sourceTree = "<group>"; };
		51B5EC202659E87A00F86225 /* UITableView+LYRefresh.m */ = {isa = PBXFileReference; fileEncoding = 4; lastKnownFileType = sourcecode.c.objc; path = "UITableView+LYRefresh.m"; sourceTree = "<group>"; };
		51B5EC222659E8A000F86225 /* HHConst.m */ = {isa = PBXFileReference; fileEncoding = 4; lastKnownFileType = sourcecode.c.objc; path = HHConst.m; sourceTree = "<group>"; };
		51B5EC232659E8A100F86225 /* HHConst.h */ = {isa = PBXFileReference; fileEncoding = 4; lastKnownFileType = sourcecode.c.h; path = HHConst.h; sourceTree = "<group>"; };
		51B5EC262659E91200F86225 /* HHRefreshFactory.h */ = {isa = PBXFileReference; fileEncoding = 4; lastKnownFileType = sourcecode.c.h; path = HHRefreshFactory.h; sourceTree = "<group>"; };
		51B5EC272659E91200F86225 /* HHRefreshFactory.m */ = {isa = PBXFileReference; fileEncoding = 4; lastKnownFileType = sourcecode.c.objc; path = HHRefreshFactory.m; sourceTree = "<group>"; };
		51B5EC292659E96300F86225 /* HHTableView.m */ = {isa = PBXFileReference; fileEncoding = 4; lastKnownFileType = sourcecode.c.objc; path = HHTableView.m; sourceTree = "<group>"; };
		51B5EC2A2659E96300F86225 /* HHTableView.h */ = {isa = PBXFileReference; fileEncoding = 4; lastKnownFileType = sourcecode.c.h; path = HHTableView.h; sourceTree = "<group>"; };
		51B5EC2F2659EC7D00F86225 /* UserCenterCell.h */ = {isa = PBXFileReference; lastKnownFileType = sourcecode.c.h; path = UserCenterCell.h; sourceTree = "<group>"; };
		51B5EC302659EC7D00F86225 /* UserCenterCell.m */ = {isa = PBXFileReference; lastKnownFileType = sourcecode.c.objc; path = UserCenterCell.m; sourceTree = "<group>"; };
		51B5EC312659EC7D00F86225 /* UserCenterCell.xib */ = {isa = PBXFileReference; lastKnownFileType = file.xib; path = UserCenterCell.xib; sourceTree = "<group>"; };
		51B5EC342659ED9B00F86225 /* UserCenterViewController.h */ = {isa = PBXFileReference; lastKnownFileType = sourcecode.c.h; path = UserCenterViewController.h; sourceTree = "<group>"; };
		51B5EC352659ED9B00F86225 /* UserCenterViewController.m */ = {isa = PBXFileReference; lastKnownFileType = sourcecode.c.objc; path = UserCenterViewController.m; sourceTree = "<group>"; };
		51B5EC392659F10200F86225 /* MineModel.h */ = {isa = PBXFileReference; lastKnownFileType = sourcecode.c.h; path = MineModel.h; sourceTree = "<group>"; };
		51B5EC3A2659F10200F86225 /* MineModel.m */ = {isa = PBXFileReference; lastKnownFileType = sourcecode.c.objc; path = MineModel.m; sourceTree = "<group>"; };
		51B5EC3C2659F6D300F86225 /* UserCenterHeaderView.h */ = {isa = PBXFileReference; lastKnownFileType = sourcecode.c.h; path = UserCenterHeaderView.h; sourceTree = "<group>"; };
		51B5EC3D2659F6D300F86225 /* UserCenterHeaderView.m */ = {isa = PBXFileReference; lastKnownFileType = sourcecode.c.objc; path = UserCenterHeaderView.m; sourceTree = "<group>"; };
		51B5EC3F2659F6F000F86225 /* UserCenterHeaderView.xib */ = {isa = PBXFileReference; lastKnownFileType = file.xib; path = UserCenterHeaderView.xib; sourceTree = "<group>"; };
		51B5EC412659FADB00F86225 /* UserInfoModel.h */ = {isa = PBXFileReference; lastKnownFileType = sourcecode.c.h; path = UserInfoModel.h; sourceTree = "<group>"; };
		51B5EC422659FADB00F86225 /* UserInfoModel.m */ = {isa = PBXFileReference; lastKnownFileType = sourcecode.c.objc; path = UserInfoModel.m; sourceTree = "<group>"; };
		51B5EC452659FCB600F86225 /* HHSharedStorage.m */ = {isa = PBXFileReference; fileEncoding = 4; lastKnownFileType = sourcecode.c.objc; path = HHSharedStorage.m; sourceTree = "<group>"; };
		51B5EC462659FCB600F86225 /* HHKeyValueStorage.m */ = {isa = PBXFileReference; fileEncoding = 4; lastKnownFileType = sourcecode.c.objc; path = HHKeyValueStorage.m; sourceTree = "<group>"; };
		51B5EC472659FCB600F86225 /* HHAppStorage.m */ = {isa = PBXFileReference; fileEncoding = 4; lastKnownFileType = sourcecode.c.objc; path = HHAppStorage.m; sourceTree = "<group>"; };
		51B5EC482659FCB600F86225 /* HHSharedStorage.h */ = {isa = PBXFileReference; fileEncoding = 4; lastKnownFileType = sourcecode.c.h; path = HHSharedStorage.h; sourceTree = "<group>"; };
		51B5EC492659FCB600F86225 /* HHKeyValueStorage.h */ = {isa = PBXFileReference; fileEncoding = 4; lastKnownFileType = sourcecode.c.h; path = HHKeyValueStorage.h; sourceTree = "<group>"; };
		51B5EC4A2659FCB600F86225 /* HHAppStorage.h */ = {isa = PBXFileReference; fileEncoding = 4; lastKnownFileType = sourcecode.c.h; path = HHAppStorage.h; sourceTree = "<group>"; };
		7805BB1826580F8300A5D121 /* YJ.app */ = {isa = PBXFileReference; explicitFileType = wrapper.application; includeInIndex = 0; path = YJ.app; sourceTree = BUILT_PRODUCTS_DIR; };
		7805BB1B26580F8300A5D121 /* AppDelegate.h */ = {isa = PBXFileReference; lastKnownFileType = sourcecode.c.h; path = AppDelegate.h; sourceTree = "<group>"; };
		7805BB1C26580F8300A5D121 /* AppDelegate.m */ = {isa = PBXFileReference; lastKnownFileType = sourcecode.c.objc; path = AppDelegate.m; sourceTree = "<group>"; };
		7805BB2726580F8400A5D121 /* Assets.xcassets */ = {isa = PBXFileReference; lastKnownFileType = folder.assetcatalog; path = Assets.xcassets; sourceTree = "<group>"; };
		7805BB2A26580F8400A5D121 /* Base */ = {isa = PBXFileReference; lastKnownFileType = file.storyboard; name = Base; path = Base.lproj/LaunchScreen.storyboard; sourceTree = "<group>"; };
		7805BB2C26580F8400A5D121 /* Info.plist */ = {isa = PBXFileReference; lastKnownFileType = text.plist.xml; path = Info.plist; sourceTree = "<group>"; };
		7805BB2D26580F8400A5D121 /* main.m */ = {isa = PBXFileReference; lastKnownFileType = sourcecode.c.objc; path = main.m; sourceTree = "<group>"; };
		7805BB3326580F8500A5D121 /* YJTests.xctest */ = {isa = PBXFileReference; explicitFileType = wrapper.cfbundle; includeInIndex = 0; path = YJTests.xctest; sourceTree = BUILT_PRODUCTS_DIR; };
		7805BB3726580F8500A5D121 /* YJTests.m */ = {isa = PBXFileReference; lastKnownFileType = sourcecode.c.objc; path = YJTests.m; sourceTree = "<group>"; };
		7805BB3926580F8500A5D121 /* Info.plist */ = {isa = PBXFileReference; lastKnownFileType = text.plist.xml; path = Info.plist; sourceTree = "<group>"; };
		7805BB3E26580F8500A5D121 /* YJUITests.xctest */ = {isa = PBXFileReference; explicitFileType = wrapper.cfbundle; includeInIndex = 0; path = YJUITests.xctest; sourceTree = BUILT_PRODUCTS_DIR; };
		7805BB4226580F8500A5D121 /* YJUITests.m */ = {isa = PBXFileReference; lastKnownFileType = sourcecode.c.objc; path = YJUITests.m; sourceTree = "<group>"; };
		7805BB4426580F8500A5D121 /* Info.plist */ = {isa = PBXFileReference; lastKnownFileType = text.plist.xml; path = Info.plist; sourceTree = "<group>"; };
		7805BB9F265816BF00A5D121 /* HHMacros.h */ = {isa = PBXFileReference; fileEncoding = 4; lastKnownFileType = sourcecode.c.h; path = HHMacros.h; sourceTree = "<group>"; };
		7805BBB226581D7C00A5D121 /* PrefixHeader.pch */ = {isa = PBXFileReference; lastKnownFileType = sourcecode.c.h; path = PrefixHeader.pch; sourceTree = "<group>"; };
		7805BBB826581DDD00A5D121 /* Foundation+SCCategory.m */ = {isa = PBXFileReference; fileEncoding = 4; lastKnownFileType = sourcecode.c.objc; path = "Foundation+SCCategory.m"; sourceTree = "<group>"; };
		7805BBB926581DDD00A5D121 /* UIView+Category.m */ = {isa = PBXFileReference; fileEncoding = 4; lastKnownFileType = sourcecode.c.objc; path = "UIView+Category.m"; sourceTree = "<group>"; };
		7805BBBA26581DDD00A5D121 /* Foundation+SCCategory.h */ = {isa = PBXFileReference; fileEncoding = 4; lastKnownFileType = sourcecode.c.h; path = "Foundation+SCCategory.h"; sourceTree = "<group>"; };
		7805BBBB26581DDD00A5D121 /* UIView+Category.h */ = {isa = PBXFileReference; fileEncoding = 4; lastKnownFileType = sourcecode.c.h; path = "UIView+Category.h"; sourceTree = "<group>"; };
		7805BBE42658213E00A5D121 /* HHHudManager.m */ = {isa = PBXFileReference; fileEncoding = 4; lastKnownFileType = sourcecode.c.objc; path = HHHudManager.m; sourceTree = "<group>"; };
		7805BBEF265895A600A5D121 /* AFHTTPSessionManager+Config.h */ = {isa = PBXFileReference; fileEncoding = 4; lastKnownFileType = sourcecode.c.h; path = "AFHTTPSessionManager+Config.h"; sourceTree = "<group>"; };
		7805BBF0265895A600A5D121 /* HTTPRequest+NotLogin.m */ = {isa = PBXFileReference; fileEncoding = 4; lastKnownFileType = sourcecode.c.objc; path = "HTTPRequest+NotLogin.m"; sourceTree = "<group>"; };
		7805BBF1265895A600A5D121 /* HTTPRequest.m */ = {isa = PBXFileReference; fileEncoding = 4; lastKnownFileType = sourcecode.c.objc; path = HTTPRequest.m; sourceTree = "<group>"; };
		7805BBF2265895A600A5D121 /* AFHTTPSessionManager+Config.m */ = {isa = PBXFileReference; fileEncoding = 4; lastKnownFileType = sourcecode.c.objc; path = "AFHTTPSessionManager+Config.m"; sourceTree = "<group>"; };
		7805BBF4265895A600A5D121 /* HTTPRequest+NotLogin.h */ = {isa = PBXFileReference; fileEncoding = 4; lastKnownFileType = sourcecode.c.h; path = "HTTPRequest+NotLogin.h"; sourceTree = "<group>"; };
		7805BBF5265895A600A5D121 /* HTTPRequest.h */ = {isa = PBXFileReference; fileEncoding = 4; lastKnownFileType = sourcecode.c.h; path = HTTPRequest.h; sourceTree = "<group>"; };
		7805BC13265898CA00A5D121 /* HHDefaultValue.h */ = {isa = PBXFileReference; fileEncoding = 4; lastKnownFileType = sourcecode.c.h; path = HHDefaultValue.h; sourceTree = "<group>"; };
		7805BC14265898CA00A5D121 /* HHDefaultValue.m */ = {isa = PBXFileReference; fileEncoding = 4; lastKnownFileType = sourcecode.c.objc; path = HHDefaultValue.m; sourceTree = "<group>"; };
		7805BC2526589FA700A5D121 /* HHHudManager.h */ = {isa = PBXFileReference; fileEncoding = 4; lastKnownFileType = sourcecode.c.h; path = HHHudManager.h; sourceTree = "<group>"; };
		7805BC412658A5A800A5D121 /* HomeCell.h */ = {isa = PBXFileReference; lastKnownFileType = sourcecode.c.h; path = HomeCell.h; sourceTree = "<group>"; };
		7805BC422658A5A800A5D121 /* HomeCell.m */ = {isa = PBXFileReference; lastKnownFileType = sourcecode.c.objc; path = HomeCell.m; sourceTree = "<group>"; };
		7805BC432658A5A800A5D121 /* HomeCell.xib */ = {isa = PBXFileReference; lastKnownFileType = file.xib; path = HomeCell.xib; sourceTree = "<group>"; };
		7805BC492658CA8D00A5D121 /* HomeViewController.h */ = {isa = PBXFileReference; lastKnownFileType = sourcecode.c.h; path = HomeViewController.h; sourceTree = "<group>"; };
		7805BC4A2658CA8D00A5D121 /* HomeViewController.m */ = {isa = PBXFileReference; lastKnownFileType = sourcecode.c.objc; path = HomeViewController.m; sourceTree = "<group>"; };
		7B89D6251BF7DABC027F93FC /* Pods_YJTests.framework */ = {isa = PBXFileReference; explicitFileType = wrapper.framework; includeInIndex = 0; path = Pods_YJTests.framework; sourceTree = BUILT_PRODUCTS_DIR; };
		CEA265105839F15EA0102A67 /* Pods-YJ-YJUITests.debug.xcconfig */ = {isa = PBXFileReference; includeInIndex = 1; lastKnownFileType = text.xcconfig; name = "Pods-YJ-YJUITests.debug.xcconfig"; path = "Target Support Files/Pods-YJ-YJUITests/Pods-YJ-YJUITests.debug.xcconfig"; sourceTree = "<group>"; };
		D572BF818F449F38CBD4F159 /* Pods-YJTests.release.xcconfig */ = {isa = PBXFileReference; includeInIndex = 1; lastKnownFileType = text.xcconfig; name = "Pods-YJTests.release.xcconfig"; path = "Target Support Files/Pods-YJTests/Pods-YJTests.release.xcconfig"; sourceTree = "<group>"; };
		F7908DE6DC762267972160BD /* Pods-YJ-YJUITests.release.xcconfig */ = {isa = PBXFileReference; includeInIndex = 1; lastKnownFileType = text.xcconfig; name = "Pods-YJ-YJUITests.release.xcconfig"; path = "Target Support Files/Pods-YJ-YJUITests/Pods-YJ-YJUITests.release.xcconfig"; sourceTree = "<group>"; };
		FDB49806E5309C0618CDD745 /* Pods-YJ.debug.xcconfig */ = {isa = PBXFileReference; includeInIndex = 1; lastKnownFileType = text.xcconfig; name = "Pods-YJ.debug.xcconfig"; path = "Target Support Files/Pods-YJ/Pods-YJ.debug.xcconfig"; sourceTree = "<group>"; };
/* End PBXFileReference section */

/* Begin PBXFrameworksBuildPhase section */
		7805BB1526580F8300A5D121 /* Frameworks */ = {
			isa = PBXFrameworksBuildPhase;
			buildActionMask = 2147483647;
			files = (
				775E511ADDD753C430ACD9C5 /* Pods_YJ.framework in Frameworks */,
			);
			runOnlyForDeploymentPostprocessing = 0;
		};
		7805BB3026580F8500A5D121 /* Frameworks */ = {
			isa = PBXFrameworksBuildPhase;
			buildActionMask = 2147483647;
			files = (
				075C45B442ACEBD21B45F35B /* Pods_YJTests.framework in Frameworks */,
			);
			runOnlyForDeploymentPostprocessing = 0;
		};
		7805BB3B26580F8500A5D121 /* Frameworks */ = {
			isa = PBXFrameworksBuildPhase;
			buildActionMask = 2147483647;
			files = (
				839E4C88E2C468C7E63416C2 /* Pods_YJ_YJUITests.framework in Frameworks */,
			);
			runOnlyForDeploymentPostprocessing = 0;
		};
/* End PBXFrameworksBuildPhase section */

/* Begin PBXGroup section */
		1E8206401FE67C5291B3578B /* Pods */ = {
			isa = PBXGroup;
			children = (
				FDB49806E5309C0618CDD745 /* Pods-YJ.debug.xcconfig */,
				1E1790B1C974E326113C7CC0 /* Pods-YJ.release.xcconfig */,
				CEA265105839F15EA0102A67 /* Pods-YJ-YJUITests.debug.xcconfig */,
				F7908DE6DC762267972160BD /* Pods-YJ-YJUITests.release.xcconfig */,
				08DDF0EF3FFD25361D6D372C /* Pods-YJTests.debug.xcconfig */,
				D572BF818F449F38CBD4F159 /* Pods-YJTests.release.xcconfig */,
			);
			path = Pods;
			sourceTree = "<group>";
		};
		51AD7504265A6088008DFDF8 /* PlayManager */ = {
			isa = PBXGroup;
			children = (
				51AD7505265A60A7008DFDF8 /* YJPlayMager.h */,
				51AD7506265A60A7008DFDF8 /* YJPlayMager.m */,
			);
			path = PlayManager;
			sourceTree = "<group>";
		};
		51AD7508265A695A008DFDF8 /* UI */ = {
			isa = PBXGroup;
			children = (
				51AD750A265A6966008DFDF8 /* HHToastAlertView.h */,
				51AD7509265A6966008DFDF8 /* HHToastAlertView.m */,
			);
			path = UI;
			sourceTree = "<group>";
		};
		51AD7515265A9A4E008DFDF8 /* Developer */ = {
			isa = PBXGroup;
			children = (
				51AD7530265AA3F0008DFDF8 /* HHDeveloperViewController.m */,
				51AD751D265A9C01008DFDF8 /* SCDeveloperHFView.h */,
				51AD751C265A9C01008DFDF8 /* SCDeveloperHFView.m */,
				51AD751A265A9B1F008DFDF8 /* SCDeveloperTableViewCell.h */,
				51AD7519265A9B1F008DFDF8 /* SCDeveloperTableViewCell.m */,
				51AD7516265A9A7D008DFDF8 /* HHDeveloperViewController.h */,
			);
			path = Developer;
			sourceTree = "<group>";
		};
		51B5EBE72659E4DC00F86225 /* Main */ = {
			isa = PBXGroup;
			children = (
				51B5EBE82659E4DC00F86225 /* Classes */,
				51B5EBE92659E4DC00F86225 /* AppDelegate */,
				51B5EBEA2659E4DC00F86225 /* Base */,
			);
			path = Main;
			sourceTree = "<group>";
		};
		51B5EBE82659E4DC00F86225 /* Classes */ = {
			isa = PBXGroup;
			children = (
				51B5EBF42659E5FC00F86225 /* Login */,
				51B5EBEF2659E5A600F86225 /* UserCenter */,
				51B5EBEB2659E4EE00F86225 /* Home */,
			);
			path = Classes;
			sourceTree = "<group>";
		};
		51B5EBE92659E4DC00F86225 /* AppDelegate */ = {
			isa = PBXGroup;
			children = (
				7805BB1B26580F8300A5D121 /* AppDelegate.h */,
				7805BB1C26580F8300A5D121 /* AppDelegate.m */,
				51AD750E265A9064008DFDF8 /* AppDelegate+Config.h */,
				51AD750D265A9064008DFDF8 /* AppDelegate+Config.m */,
				51AD750F265A9064008DFDF8 /* AppDelegate+UI.h */,
				51AD750C265A9064008DFDF8 /* AppDelegate+UI.m */,
				51AD7534265AACF0008DFDF8 /* AppDelegate+JPush.h */,
				51AD7535265AACF0008DFDF8 /* AppDelegate+JPush.m */,
			);
			path = AppDelegate;
			sourceTree = "<group>";
		};
		51B5EBEA2659E4DC00F86225 /* Base */ = {
			isa = PBXGroup;
			children = (
				51B5EBFD2659E71800F86225 /* Controller */,
				51B5EC0D2659E71800F86225 /* Model */,
				51B5EBFA2659E71800F86225 /* View */,
				51B5EC0A2659E71800F86225 /* ViewModel */,
			);
			path = Base;
			sourceTree = "<group>";
		};
		51B5EBEB2659E4EE00F86225 /* Home */ = {
			isa = PBXGroup;
			children = (
				51B5EBED2659E5A100F86225 /* Controller */,
				51B5EBEE2659E5A100F86225 /* Model */,
				51B5EBEC2659E5A100F86225 /* View */,
			);
			path = Home;
			sourceTree = "<group>";
		};
		51B5EBEC2659E5A100F86225 /* View */ = {
			isa = PBXGroup;
			children = (
				7805BC412658A5A800A5D121 /* HomeCell.h */,
				7805BC422658A5A800A5D121 /* HomeCell.m */,
				7805BC432658A5A800A5D121 /* HomeCell.xib */,
			);
			path = View;
			sourceTree = "<group>";
		};
		51B5EBED2659E5A100F86225 /* Controller */ = {
			isa = PBXGroup;
			children = (
				51B5EBE4265971D800F86225 /* HomeCategoryViewController.h */,
				51B5EBE5265971D800F86225 /* HomeCategoryViewController.m */,
				7805BC492658CA8D00A5D121 /* HomeViewController.h */,
				7805BC4A2658CA8D00A5D121 /* HomeViewController.m */,
			);
			path = Controller;
			sourceTree = "<group>";
		};
		51B5EBEE2659E5A100F86225 /* Model */ = {
			isa = PBXGroup;
			children = (
				51AD7501265A4351008DFDF8 /* HomeModel.h */,
				51AD7502265A4351008DFDF8 /* HomeModel.m */,
			);
			path = Model;
			sourceTree = "<group>";
		};
		51B5EBEF2659E5A600F86225 /* UserCenter */ = {
			isa = PBXGroup;
			children = (
				51B5EBF02659E5A600F86225 /* Controller */,
				51B5EBF12659E5A600F86225 /* Model */,
				51B5EBF22659E5A600F86225 /* View */,
			);
			path = UserCenter;
			sourceTree = "<group>";
		};
		51B5EBF02659E5A600F86225 /* Controller */ = {
			isa = PBXGroup;
			children = (
				51B5EC342659ED9B00F86225 /* UserCenterViewController.h */,
				51B5EC352659ED9B00F86225 /* UserCenterViewController.m */,
			);
			path = Controller;
			sourceTree = "<group>";
		};
		51B5EBF12659E5A600F86225 /* Model */ = {
			isa = PBXGroup;
			children = (
				51B5EC392659F10200F86225 /* MineModel.h */,
				51B5EC3A2659F10200F86225 /* MineModel.m */,
			);
			path = Model;
			sourceTree = "<group>";
		};
		51B5EBF22659E5A600F86225 /* View */ = {
			isa = PBXGroup;
			children = (
				51B5EC2F2659EC7D00F86225 /* UserCenterCell.h */,
				51B5EC302659EC7D00F86225 /* UserCenterCell.m */,
				51B5EC312659EC7D00F86225 /* UserCenterCell.xib */,
				51B5EC3C2659F6D300F86225 /* UserCenterHeaderView.h */,
				51B5EC3D2659F6D300F86225 /* UserCenterHeaderView.m */,
				51B5EC3F2659F6F000F86225 /* UserCenterHeaderView.xib */,
			);
			path = View;
			sourceTree = "<group>";
		};
		51B5EBF32659E5C600F86225 /* Macros */ = {
			isa = PBXGroup;
			children = (
				7805BB9F265816BF00A5D121 /* HHMacros.h */,
				51B5EBE126596FD500F86225 /* HHConstUrl.h */,
				51B5EBE226596FD500F86225 /* HHConstUrl.m */,
				51B5EC232659E8A100F86225 /* HHConst.h */,
				51B5EC222659E8A000F86225 /* HHConst.m */,
			);
			path = Macros;
			sourceTree = "<group>";
		};
		51B5EBF42659E5FC00F86225 /* Login */ = {
			isa = PBXGroup;
			children = (
				51AD74F9265A0928008DFDF8 /* LoginViewController.h */,
				51AD74FA265A0928008DFDF8 /* LoginViewController.m */,
				51AD74FB265A0928008DFDF8 /* LoginViewController.xib */,
			);
			path = Login;
			sourceTree = "<group>";
		};
		51B5EBF52659E62600F86225 /* Common */ = {
			isa = PBXGroup;
			children = (
				51AD7515265A9A4E008DFDF8 /* Developer */,
				51AD7508265A695A008DFDF8 /* UI */,
				51AD7504265A6088008DFDF8 /* PlayManager */,
				51B5EBF62659E65900F86225 /* Login */,
			);
			path = Common;
			sourceTree = "<group>";
		};
		51B5EBF62659E65900F86225 /* Login */ = {
			isa = PBXGroup;
			children = (
				51B5EBF72659E6B600F86225 /* YJLoginManager.h */,
				51B5EBF82659E6B600F86225 /* YJLoginManager.m */,
				51B5EC412659FADB00F86225 /* UserInfoModel.h */,
				51B5EC422659FADB00F86225 /* UserInfoModel.m */,
			);
			path = Login;
			sourceTree = "<group>";
		};
		51B5EBFA2659E71800F86225 /* View */ = {
			isa = PBXGroup;
			children = (
				51B5EBFB2659E71800F86225 /* BaseCell.m */,
				51B5EBFC2659E71800F86225 /* BaseCell.h */,
			);
			path = View;
			sourceTree = "<group>";
		};
		51B5EBFD2659E71800F86225 /* Controller */ = {
			isa = PBXGroup;
			children = (
				51B5EC052659E71800F86225 /* BaseNavViewController.h */,
				51B5EBFF2659E71800F86225 /* BaseNavViewController.m */,
				51B5EC042659E71800F86225 /* BaseTabBarViewController.h */,
				51B5EC002659E71800F86225 /* BaseTabBarViewController.m */,
				51B5EC072659E71800F86225 /* BaseTableViewController.h */,
				51B5EC022659E71800F86225 /* BaseTableViewController.m */,
				51B5EC092659E71800F86225 /* BaseTableViewController+PageStatus.h */,
				51B5EC032659E71800F86225 /* BaseTableViewController+PageStatus.m */,
				51B5EC082659E71800F86225 /* BaseUIViewController.h */,
				51B5EC012659E71800F86225 /* BaseUIViewController.m */,
				51B5EC062659E71800F86225 /* BaseWebViewController.h */,
				51B5EBFE2659E71800F86225 /* BaseWebViewController.m */,
			);
			path = Controller;
			sourceTree = "<group>";
		};
		51B5EC0A2659E71800F86225 /* ViewModel */ = {
			isa = PBXGroup;
			children = (
				51B5EC0B2659E71800F86225 /* BaseViewModel.m */,
				51B5EC0C2659E71800F86225 /* BaseViewModel.h */,
			);
			path = ViewModel;
			sourceTree = "<group>";
		};
		51B5EC0D2659E71800F86225 /* Model */ = {
			isa = PBXGroup;
			children = (
				51B5EC102659E71800F86225 /* BaseModel.m */,
				51B5EC132659E71800F86225 /* BaseModel.h */,
				51AD74FE265A2104008DFDF8 /* YJJSONModel.h */,
				51AD74FF265A2104008DFDF8 /* YJJSONModel.m */,
			);
			path = Model;
			sourceTree = "<group>";
		};
		51B5EC252659E8FA00F86225 /* Refresh */ = {
			isa = PBXGroup;
			children = (
				51B5EC262659E91200F86225 /* HHRefreshFactory.h */,
				51B5EC272659E91200F86225 /* HHRefreshFactory.m */,
			);
			path = Refresh;
			sourceTree = "<group>";
		};
		51B5EC442659FCB600F86225 /* Storage */ = {
			isa = PBXGroup;
			children = (
				51B5EC4A2659FCB600F86225 /* HHAppStorage.h */,
				51B5EC472659FCB600F86225 /* HHAppStorage.m */,
				51B5EC492659FCB600F86225 /* HHKeyValueStorage.h */,
				51B5EC462659FCB600F86225 /* HHKeyValueStorage.m */,
				51B5EC482659FCB600F86225 /* HHSharedStorage.h */,
				51B5EC452659FCB600F86225 /* HHSharedStorage.m */,
			);
			path = Storage;
			sourceTree = "<group>";
		};
		7805BB0F26580F8300A5D121 = {
			isa = PBXGroup;
			children = (
				7805BB1A26580F8300A5D121 /* YJ */,
				7805BB3626580F8500A5D121 /* YJTests */,
				7805BB4126580F8500A5D121 /* YJUITests */,
				7805BB1926580F8300A5D121 /* Products */,
				1E8206401FE67C5291B3578B /* Pods */,
				D8847B799B86F2BC85C7411C /* Frameworks */,
			);
			sourceTree = "<group>";
		};
		7805BB1926580F8300A5D121 /* Products */ = {
			isa = PBXGroup;
			children = (
				7805BB1826580F8300A5D121 /* YJ.app */,
				7805BB3326580F8500A5D121 /* YJTests.xctest */,
				7805BB3E26580F8500A5D121 /* YJUITests.xctest */,
			);
			name = Products;
			sourceTree = "<group>";
		};
		7805BB1A26580F8300A5D121 /* YJ */ = {
			isa = PBXGroup;
			children = (
				7805BB2726580F8400A5D121 /* Assets.xcassets */,
				7805BB2C26580F8400A5D121 /* Info.plist */,
				7805BB2926580F8400A5D121 /* LaunchScreen.storyboard */,
				51B5EBE72659E4DC00F86225 /* Main */,
				7805BB2D26580F8400A5D121 /* main.m */,
				7805BBB226581D7C00A5D121 /* PrefixHeader.pch */,
				7805BBB626581DDD00A5D121 /* Util */,
			);
			path = YJ;
			sourceTree = "<group>";
		};
		7805BB3626580F8500A5D121 /* YJTests */ = {
			isa = PBXGroup;
			children = (
				7805BB3726580F8500A5D121 /* YJTests.m */,
				7805BB3926580F8500A5D121 /* Info.plist */,
			);
			path = YJTests;
			sourceTree = "<group>";
		};
		7805BB4126580F8500A5D121 /* YJUITests */ = {
			isa = PBXGroup;
			children = (
				7805BB4226580F8500A5D121 /* YJUITests.m */,
				7805BB4426580F8500A5D121 /* Info.plist */,
			);
			path = YJUITests;
			sourceTree = "<group>";
		};
		7805BBB626581DDD00A5D121 /* Util */ = {
			isa = PBXGroup;
			children = (
				51B5EC442659FCB600F86225 /* Storage */,
				51B5EC252659E8FA00F86225 /* Refresh */,
				51B5EBF52659E62600F86225 /* Common */,
				51B5EBF32659E5C600F86225 /* Macros */,
				7805BBED265895A600A5D121 /* Network */,
				7805BBB726581DDD00A5D121 /* Category */,
			);
			path = Util;
			sourceTree = "<group>";
		};
		7805BBB726581DDD00A5D121 /* Category */ = {
			isa = PBXGroup;
			children = (
				7805BBBA26581DDD00A5D121 /* Foundation+SCCategory.h */,
				7805BBB826581DDD00A5D121 /* Foundation+SCCategory.m */,
				7805BC2526589FA700A5D121 /* HHHudManager.h */,
				7805BBE42658213E00A5D121 /* HHHudManager.m */,
				51B5EC2A2659E96300F86225 /* HHTableView.h */,
				51B5EC292659E96300F86225 /* HHTableView.m */,
				7805BC13265898CA00A5D121 /* HHDefaultValue.h */,
				7805BC14265898CA00A5D121 /* HHDefaultValue.m */,
				51B5EC1F2659E87A00F86225 /* UITableView+LYRefresh.h */,
				51B5EC202659E87A00F86225 /* UITableView+LYRefresh.m */,
				7805BBBB26581DDD00A5D121 /* UIView+Category.h */,
				7805BBB926581DDD00A5D121 /* UIView+Category.m */,
			);
			path = Category;
			sourceTree = "<group>";
		};
		7805BBED265895A600A5D121 /* Network */ = {
			isa = PBXGroup;
			children = (
				7805BBEF265895A600A5D121 /* AFHTTPSessionManager+Config.h */,
				7805BBF2265895A600A5D121 /* AFHTTPSessionManager+Config.m */,
				7805BBF5265895A600A5D121 /* HTTPRequest.h */,
				7805BBF1265895A600A5D121 /* HTTPRequest.m */,
				7805BBF4265895A600A5D121 /* HTTPRequest+NotLogin.h */,
				7805BBF0265895A600A5D121 /* HTTPRequest+NotLogin.m */,
				51AD7512265A9175008DFDF8 /* HHNetworkConfig.h */,
				51AD7513265A9175008DFDF8 /* HHNetworkConfig.m */,
			);
			path = Network;
			sourceTree = "<group>";
		};
		D8847B799B86F2BC85C7411C /* Frameworks */ = {
			isa = PBXGroup;
			children = (
				4C34FE3E98CD8D003D2649E4 /* Pods_YJ.framework */,
				1C4FDA5095297AF6529B1AF0 /* Pods_YJ_YJUITests.framework */,
				7B89D6251BF7DABC027F93FC /* Pods_YJTests.framework */,
			);
			name = Frameworks;
			sourceTree = "<group>";
		};
/* End PBXGroup section */

/* Begin PBXNativeTarget section */
		7805BB1726580F8300A5D121 /* YJ */ = {
			isa = PBXNativeTarget;
			buildConfigurationList = 7805BB4726580F8500A5D121 /* Build configuration list for PBXNativeTarget "YJ" */;
			buildPhases = (
				EC15854EB3A3C1E3BB466F60 /* [CP] Check Pods Manifest.lock */,
				7805BB1426580F8300A5D121 /* Sources */,
				7805BB1526580F8300A5D121 /* Frameworks */,
				7805BB1626580F8300A5D121 /* Resources */,
				F4F7B02B5D3A35A3E7EDC320 /* [CP] Embed Pods Frameworks */,
			);
			buildRules = (
			);
			dependencies = (
			);
			name = YJ;
			productName = YJ;
			productReference = 7805BB1826580F8300A5D121 /* YJ.app */;
			productType = "com.apple.product-type.application";
		};
		7805BB3226580F8500A5D121 /* YJTests */ = {
			isa = PBXNativeTarget;
			buildConfigurationList = 7805BB4A26580F8500A5D121 /* Build configuration list for PBXNativeTarget "YJTests" */;
			buildPhases = (
				0A1B63352F06467E04A040D8 /* [CP] Check Pods Manifest.lock */,
				7805BB2F26580F8500A5D121 /* Sources */,
				7805BB3026580F8500A5D121 /* Frameworks */,
				7805BB3126580F8500A5D121 /* Resources */,
			);
			buildRules = (
			);
			dependencies = (
				7805BB3526580F8500A5D121 /* PBXTargetDependency */,
			);
			name = YJTests;
			productName = YJTests;
			productReference = 7805BB3326580F8500A5D121 /* YJTests.xctest */;
			productType = "com.apple.product-type.bundle.unit-test";
		};
		7805BB3D26580F8500A5D121 /* YJUITests */ = {
			isa = PBXNativeTarget;
			buildConfigurationList = 7805BB4D26580F8500A5D121 /* Build configuration list for PBXNativeTarget "YJUITests" */;
			buildPhases = (
				FB7B7D41F3F38EB4F8CB49A9 /* [CP] Check Pods Manifest.lock */,
				7805BB3A26580F8500A5D121 /* Sources */,
				7805BB3B26580F8500A5D121 /* Frameworks */,
				7805BB3C26580F8500A5D121 /* Resources */,
				26A038FE2CD03F380BE9A754 /* [CP] Embed Pods Frameworks */,
			);
			buildRules = (
			);
			dependencies = (
				7805BB4026580F8500A5D121 /* PBXTargetDependency */,
			);
			name = YJUITests;
			productName = YJUITests;
			productReference = 7805BB3E26580F8500A5D121 /* YJUITests.xctest */;
			productType = "com.apple.product-type.bundle.ui-testing";
		};
/* End PBXNativeTarget section */

/* Begin PBXProject section */
		7805BB1026580F8300A5D121 /* Project object */ = {
			isa = PBXProject;
			attributes = {
				LastUpgradeCheck = 1200;
				TargetAttributes = {
					7805BB1726580F8300A5D121 = {
						CreatedOnToolsVersion = 12.0.1;
					};
					7805BB3226580F8500A5D121 = {
						CreatedOnToolsVersion = 12.0.1;
						TestTargetID = 7805BB1726580F8300A5D121;
					};
					7805BB3D26580F8500A5D121 = {
						CreatedOnToolsVersion = 12.0.1;
						TestTargetID = 7805BB1726580F8300A5D121;
					};
				};
			};
			buildConfigurationList = 7805BB1326580F8300A5D121 /* Build configuration list for PBXProject "YJ" */;
			compatibilityVersion = "Xcode 9.3";
			developmentRegion = en;
			hasScannedForEncodings = 0;
			knownRegions = (
				en,
				Base,
			);
			mainGroup = 7805BB0F26580F8300A5D121;
			productRefGroup = 7805BB1926580F8300A5D121 /* Products */;
			projectDirPath = "";
			projectRoot = "";
			targets = (
				7805BB1726580F8300A5D121 /* YJ */,
				7805BB3226580F8500A5D121 /* YJTests */,
				7805BB3D26580F8500A5D121 /* YJUITests */,
			);
		};
/* End PBXProject section */

/* Begin PBXResourcesBuildPhase section */
		7805BB1626580F8300A5D121 /* Resources */ = {
			isa = PBXResourcesBuildPhase;
			buildActionMask = 2147483647;
			files = (
				7805BB2B26580F8400A5D121 /* LaunchScreen.storyboard in Resources */,
				7805BB2826580F8400A5D121 /* Assets.xcassets in Resources */,
				51AD74FD265A0928008DFDF8 /* LoginViewController.xib in Resources */,
				7805BC452658A5A800A5D121 /* HomeCell.xib in Resources */,
				51B5EC402659F6F000F86225 /* UserCenterHeaderView.xib in Resources */,
				51B5EC332659EC7D00F86225 /* UserCenterCell.xib in Resources */,
			);
			runOnlyForDeploymentPostprocessing = 0;
		};
		7805BB3126580F8500A5D121 /* Resources */ = {
			isa = PBXResourcesBuildPhase;
			buildActionMask = 2147483647;
			files = (
			);
			runOnlyForDeploymentPostprocessing = 0;
		};
		7805BB3C26580F8500A5D121 /* Resources */ = {
			isa = PBXResourcesBuildPhase;
			buildActionMask = 2147483647;
			files = (
			);
			runOnlyForDeploymentPostprocessing = 0;
		};
/* End PBXResourcesBuildPhase section */

/* Begin PBXShellScriptBuildPhase section */
		0A1B63352F06467E04A040D8 /* [CP] Check Pods Manifest.lock */ = {
			isa = PBXShellScriptBuildPhase;
			buildActionMask = 2147483647;
			files = (
			);
			inputFileListPaths = (
			);
			inputPaths = (
				"${PODS_PODFILE_DIR_PATH}/Podfile.lock",
				"${PODS_ROOT}/Manifest.lock",
			);
			name = "[CP] Check Pods Manifest.lock";
			outputFileListPaths = (
			);
			outputPaths = (
				"$(DERIVED_FILE_DIR)/Pods-YJTests-checkManifestLockResult.txt",
			);
			runOnlyForDeploymentPostprocessing = 0;
			shellPath = /bin/sh;
			shellScript = "diff \"${PODS_PODFILE_DIR_PATH}/Podfile.lock\" \"${PODS_ROOT}/Manifest.lock\" > /dev/null\nif [ $? != 0 ] ; then\n    # print error to STDERR\n    echo \"error: The sandbox is not in sync with the Podfile.lock. Run 'pod install' or update your CocoaPods installation.\" >&2\n    exit 1\nfi\n# This output is used by Xcode 'outputs' to avoid re-running this script phase.\necho \"SUCCESS\" > \"${SCRIPT_OUTPUT_FILE_0}\"\n";
			showEnvVarsInLog = 0;
		};
		26A038FE2CD03F380BE9A754 /* [CP] Embed Pods Frameworks */ = {
			isa = PBXShellScriptBuildPhase;
			buildActionMask = 2147483647;
			files = (
			);
			inputFileListPaths = (
				"${PODS_ROOT}/Target Support Files/Pods-YJ-YJUITests/Pods-YJ-YJUITests-frameworks-${CONFIGURATION}-input-files.xcfilelist",
			);
			name = "[CP] Embed Pods Frameworks";
			outputFileListPaths = (
				"${PODS_ROOT}/Target Support Files/Pods-YJ-YJUITests/Pods-YJ-YJUITests-frameworks-${CONFIGURATION}-output-files.xcfilelist",
			);
			runOnlyForDeploymentPostprocessing = 0;
			shellPath = /bin/sh;
			shellScript = "\"${PODS_ROOT}/Target Support Files/Pods-YJ-YJUITests/Pods-YJ-YJUITests-frameworks.sh\"\n";
			showEnvVarsInLog = 0;
		};
		EC15854EB3A3C1E3BB466F60 /* [CP] Check Pods Manifest.lock */ = {
			isa = PBXShellScriptBuildPhase;
			buildActionMask = 2147483647;
			files = (
			);
			inputFileListPaths = (
			);
			inputPaths = (
				"${PODS_PODFILE_DIR_PATH}/Podfile.lock",
				"${PODS_ROOT}/Manifest.lock",
			);
			name = "[CP] Check Pods Manifest.lock";
			outputFileListPaths = (
			);
			outputPaths = (
				"$(DERIVED_FILE_DIR)/Pods-YJ-checkManifestLockResult.txt",
			);
			runOnlyForDeploymentPostprocessing = 0;
			shellPath = /bin/sh;
			shellScript = "diff \"${PODS_PODFILE_DIR_PATH}/Podfile.lock\" \"${PODS_ROOT}/Manifest.lock\" > /dev/null\nif [ $? != 0 ] ; then\n    # print error to STDERR\n    echo \"error: The sandbox is not in sync with the Podfile.lock. Run 'pod install' or update your CocoaPods installation.\" >&2\n    exit 1\nfi\n# This output is used by Xcode 'outputs' to avoid re-running this script phase.\necho \"SUCCESS\" > \"${SCRIPT_OUTPUT_FILE_0}\"\n";
			showEnvVarsInLog = 0;
		};
		F4F7B02B5D3A35A3E7EDC320 /* [CP] Embed Pods Frameworks */ = {
			isa = PBXShellScriptBuildPhase;
			buildActionMask = 2147483647;
			files = (
			);
			inputFileListPaths = (
				"${PODS_ROOT}/Target Support Files/Pods-YJ/Pods-YJ-frameworks-${CONFIGURATION}-input-files.xcfilelist",
			);
			name = "[CP] Embed Pods Frameworks";
			outputFileListPaths = (
				"${PODS_ROOT}/Target Support Files/Pods-YJ/Pods-YJ-frameworks-${CONFIGURATION}-output-files.xcfilelist",
			);
			runOnlyForDeploymentPostprocessing = 0;
			shellPath = /bin/sh;
			shellScript = "\"${PODS_ROOT}/Target Support Files/Pods-YJ/Pods-YJ-frameworks.sh\"\n";
			showEnvVarsInLog = 0;
		};
		FB7B7D41F3F38EB4F8CB49A9 /* [CP] Check Pods Manifest.lock */ = {
			isa = PBXShellScriptBuildPhase;
			buildActionMask = 2147483647;
			files = (
			);
			inputFileListPaths = (
			);
			inputPaths = (
				"${PODS_PODFILE_DIR_PATH}/Podfile.lock",
				"${PODS_ROOT}/Manifest.lock",
			);
			name = "[CP] Check Pods Manifest.lock";
			outputFileListPaths = (
			);
			outputPaths = (
				"$(DERIVED_FILE_DIR)/Pods-YJ-YJUITests-checkManifestLockResult.txt",
			);
			runOnlyForDeploymentPostprocessing = 0;
			shellPath = /bin/sh;
			shellScript = "diff \"${PODS_PODFILE_DIR_PATH}/Podfile.lock\" \"${PODS_ROOT}/Manifest.lock\" > /dev/null\nif [ $? != 0 ] ; then\n    # print error to STDERR\n    echo \"error: The sandbox is not in sync with the Podfile.lock. Run 'pod install' or update your CocoaPods installation.\" >&2\n    exit 1\nfi\n# This output is used by Xcode 'outputs' to avoid re-running this script phase.\necho \"SUCCESS\" > \"${SCRIPT_OUTPUT_FILE_0}\"\n";
			showEnvVarsInLog = 0;
		};
/* End PBXShellScriptBuildPhase section */

/* Begin PBXSourcesBuildPhase section */
		7805BB1426580F8300A5D121 /* Sources */ = {
			isa = PBXSourcesBuildPhase;
			buildActionMask = 2147483647;
			files = (
				51AD7511265A9064008DFDF8 /* AppDelegate+Config.m in Sources */,
				7805BBBD26581DDD00A5D121 /* Foundation+SCCategory.m in Sources */,
				51B5EC1B2659E71800F86225 /* BaseViewModel.m in Sources */,
				51AD74FC265A0928008DFDF8 /* LoginViewController.m in Sources */,
				51B5EC432659FADB00F86225 /* UserInfoModel.m in Sources */,
				51AD751B265A9B1F008DFDF8 /* SCDeveloperTableViewCell.m in Sources */,
				51B5EC212659E87A00F86225 /* UITableView+LYRefresh.m in Sources */,
				51AD7507265A60A7008DFDF8 /* YJPlayMager.m in Sources */,
				51B5EBF92659E6B600F86225 /* YJLoginManager.m in Sources */,
				7805BBE62658213E00A5D121 /* HHHudManager.m in Sources */,
				51B5EC2B2659E96300F86225 /* HHTableView.m in Sources */,
				51B5EBE6265971D800F86225 /* HomeCategoryViewController.m in Sources */,
				51B5EC282659E91200F86225 /* HHRefreshFactory.m in Sources */,
				7805BBF9265895A600A5D121 /* AFHTTPSessionManager+Config.m in Sources */,
				51B5EC4B2659FCB600F86225 /* HHSharedStorage.m in Sources */,
				51B5EC192659E71800F86225 /* BaseTableViewController.m in Sources */,
				51B5EC172659E71800F86225 /* BaseTabBarViewController.m in Sources */,
				51B5EBE326596FD500F86225 /* HHConstUrl.m in Sources */,
				51AD751E265A9C01008DFDF8 /* SCDeveloperHFView.m in Sources */,
				51B5EC3E2659F6D300F86225 /* UserCenterHeaderView.m in Sources */,
				51B5EC162659E71800F86225 /* BaseNavViewController.m in Sources */,
				51B5EC322659EC7D00F86225 /* UserCenterCell.m in Sources */,
				51AD750B265A6966008DFDF8 /* HHToastAlertView.m in Sources */,
				7805BC4B2658CA8D00A5D121 /* HomeViewController.m in Sources */,
				51AD7503265A4351008DFDF8 /* HomeModel.m in Sources */,
				51AD7510265A9064008DFDF8 /* AppDelegate+UI.m in Sources */,
				7805BC442658A5A800A5D121 /* HomeCell.m in Sources */,
				51B5EC3B2659F10200F86225 /* MineModel.m in Sources */,
				7805BBF8265895A600A5D121 /* HTTPRequest.m in Sources */,
				51B5EC4C2659FCB600F86225 /* HHKeyValueStorage.m in Sources */,
				7805BB1D26580F8300A5D121 /* AppDelegate.m in Sources */,
				51B5EC242659E8A100F86225 /* HHConst.m in Sources */,
				51B5EC4D2659FCB600F86225 /* HHAppStorage.m in Sources */,
				7805BC15265898CB00A5D121 /* HHDefaultValue.m in Sources */,
				51B5EC372659ED9B00F86225 /* UserCenterViewController.m in Sources */,
				7805BBF7265895A600A5D121 /* HTTPRequest+NotLogin.m in Sources */,
				7805BB2E26580F8400A5D121 /* main.m in Sources */,
				51B5EC1A2659E71800F86225 /* BaseTableViewController+PageStatus.m in Sources */,
				51AD7500265A2104008DFDF8 /* YJJSONModel.m in Sources */,
				51AD7531265AA3F0008DFDF8 /* HHDeveloperViewController.m in Sources */,
				51AD7514265A9175008DFDF8 /* HHNetworkConfig.m in Sources */,
				51B5EC142659E71800F86225 /* BaseCell.m in Sources */,
				51B5EC152659E71800F86225 /* BaseWebViewController.m in Sources */,
				51AD7536265AACF0008DFDF8 /* AppDelegate+JPush.m in Sources */,
				51B5EC182659E71800F86225 /* BaseUIViewController.m in Sources */,
				51B5EC1C2659E71800F86225 /* BaseModel.m in Sources */,
				7805BBBE26581DDD00A5D121 /* UIView+Category.m in Sources */,
			);
			runOnlyForDeploymentPostprocessing = 0;
		};
		7805BB2F26580F8500A5D121 /* Sources */ = {
			isa = PBXSourcesBuildPhase;
			buildActionMask = 2147483647;
			files = (
				7805BB3826580F8500A5D121 /* YJTests.m in Sources */,
			);
			runOnlyForDeploymentPostprocessing = 0;
		};
		7805BB3A26580F8500A5D121 /* Sources */ = {
			isa = PBXSourcesBuildPhase;
			buildActionMask = 2147483647;
			files = (
				7805BB4326580F8500A5D121 /* YJUITests.m in Sources */,
			);
			runOnlyForDeploymentPostprocessing = 0;
		};
/* End PBXSourcesBuildPhase section */

/* Begin PBXTargetDependency section */
		7805BB3526580F8500A5D121 /* PBXTargetDependency */ = {
			isa = PBXTargetDependency;
			target = 7805BB1726580F8300A5D121 /* YJ */;
			targetProxy = 7805BB3426580F8500A5D121 /* PBXContainerItemProxy */;
		};
		7805BB4026580F8500A5D121 /* PBXTargetDependency */ = {
			isa = PBXTargetDependency;
			target = 7805BB1726580F8300A5D121 /* YJ */;
			targetProxy = 7805BB3F26580F8500A5D121 /* PBXContainerItemProxy */;
		};
/* End PBXTargetDependency section */

/* Begin PBXVariantGroup section */
		7805BB2926580F8400A5D121 /* LaunchScreen.storyboard */ = {
			isa = PBXVariantGroup;
			children = (
				7805BB2A26580F8400A5D121 /* Base */,
			);
			name = LaunchScreen.storyboard;
			sourceTree = "<group>";
		};
/* End PBXVariantGroup section */

/* Begin XCBuildConfiguration section */
		7805BB4526580F8500A5D121 /* Debug */ = {
			isa = XCBuildConfiguration;
			buildSettings = {
				ALWAYS_SEARCH_USER_PATHS = NO;
				CLANG_ANALYZER_NONNULL = YES;
				CLANG_ANALYZER_NUMBER_OBJECT_CONVERSION = YES_AGGRESSIVE;
				CLANG_CXX_LANGUAGE_STANDARD = "gnu++14";
				CLANG_CXX_LIBRARY = "libc++";
				CLANG_ENABLE_MODULES = YES;
				CLANG_ENABLE_OBJC_ARC = YES;
				CLANG_ENABLE_OBJC_WEAK = YES;
				CLANG_WARN_BLOCK_CAPTURE_AUTORELEASING = YES;
				CLANG_WARN_BOOL_CONVERSION = YES;
				CLANG_WARN_COMMA = YES;
				CLANG_WARN_CONSTANT_CONVERSION = YES;
				CLANG_WARN_DEPRECATED_OBJC_IMPLEMENTATIONS = YES;
				CLANG_WARN_DIRECT_OBJC_ISA_USAGE = YES_ERROR;
				CLANG_WARN_DOCUMENTATION_COMMENTS = YES;
				CLANG_WARN_EMPTY_BODY = YES;
				CLANG_WARN_ENUM_CONVERSION = YES;
				CLANG_WARN_INFINITE_RECURSION = YES;
				CLANG_WARN_INT_CONVERSION = YES;
				CLANG_WARN_NON_LITERAL_NULL_CONVERSION = YES;
				CLANG_WARN_OBJC_IMPLICIT_RETAIN_SELF = YES;
				CLANG_WARN_OBJC_LITERAL_CONVERSION = YES;
				CLANG_WARN_OBJC_ROOT_CLASS = YES_ERROR;
				CLANG_WARN_QUOTED_INCLUDE_IN_FRAMEWORK_HEADER = YES;
				CLANG_WARN_RANGE_LOOP_ANALYSIS = YES;
				CLANG_WARN_STRICT_PROTOTYPES = YES;
				CLANG_WARN_SUSPICIOUS_MOVE = YES;
				CLANG_WARN_UNGUARDED_AVAILABILITY = YES_AGGRESSIVE;
				CLANG_WARN_UNREACHABLE_CODE = YES;
				CLANG_WARN__DUPLICATE_METHOD_MATCH = YES;
				COPY_PHASE_STRIP = NO;
				DEBUG_INFORMATION_FORMAT = dwarf;
				ENABLE_STRICT_OBJC_MSGSEND = YES;
				ENABLE_TESTABILITY = YES;
				GCC_C_LANGUAGE_STANDARD = gnu11;
				GCC_DYNAMIC_NO_PIC = NO;
				GCC_NO_COMMON_BLOCKS = YES;
				GCC_OPTIMIZATION_LEVEL = 0;
				GCC_PREPROCESSOR_DEFINITIONS = (
					"DEBUG=1",
					"$(inherited)",
				);
				GCC_WARN_64_TO_32_BIT_CONVERSION = YES;
				GCC_WARN_ABOUT_RETURN_TYPE = YES_ERROR;
				GCC_WARN_UNDECLARED_SELECTOR = YES;
				GCC_WARN_UNINITIALIZED_AUTOS = YES_AGGRESSIVE;
				GCC_WARN_UNUSED_FUNCTION = YES;
				GCC_WARN_UNUSED_VARIABLE = YES;
				IPHONEOS_DEPLOYMENT_TARGET = 10.0;
				MTL_ENABLE_DEBUG_INFO = INCLUDE_SOURCE;
				MTL_FAST_MATH = YES;
				ONLY_ACTIVE_ARCH = YES;
				SDKROOT = iphoneos;
			};
			name = Debug;
		};
		7805BB4626580F8500A5D121 /* Release */ = {
			isa = XCBuildConfiguration;
			buildSettings = {
				ALWAYS_SEARCH_USER_PATHS = NO;
				CLANG_ANALYZER_NONNULL = YES;
				CLANG_ANALYZER_NUMBER_OBJECT_CONVERSION = YES_AGGRESSIVE;
				CLANG_CXX_LANGUAGE_STANDARD = "gnu++14";
				CLANG_CXX_LIBRARY = "libc++";
				CLANG_ENABLE_MODULES = YES;
				CLANG_ENABLE_OBJC_ARC = YES;
				CLANG_ENABLE_OBJC_WEAK = YES;
				CLANG_WARN_BLOCK_CAPTURE_AUTORELEASING = YES;
				CLANG_WARN_BOOL_CONVERSION = YES;
				CLANG_WARN_COMMA = YES;
				CLANG_WARN_CONSTANT_CONVERSION = YES;
				CLANG_WARN_DEPRECATED_OBJC_IMPLEMENTATIONS = YES;
				CLANG_WARN_DIRECT_OBJC_ISA_USAGE = YES_ERROR;
				CLANG_WARN_DOCUMENTATION_COMMENTS = YES;
				CLANG_WARN_EMPTY_BODY = YES;
				CLANG_WARN_ENUM_CONVERSION = YES;
				CLANG_WARN_INFINITE_RECURSION = YES;
				CLANG_WARN_INT_CONVERSION = YES;
				CLANG_WARN_NON_LITERAL_NULL_CONVERSION = YES;
				CLANG_WARN_OBJC_IMPLICIT_RETAIN_SELF = YES;
				CLANG_WARN_OBJC_LITERAL_CONVERSION = YES;
				CLANG_WARN_OBJC_ROOT_CLASS = YES_ERROR;
				CLANG_WARN_QUOTED_INCLUDE_IN_FRAMEWORK_HEADER = YES;
				CLANG_WARN_RANGE_LOOP_ANALYSIS = YES;
				CLANG_WARN_STRICT_PROTOTYPES = YES;
				CLANG_WARN_SUSPICIOUS_MOVE = YES;
				CLANG_WARN_UNGUARDED_AVAILABILITY = YES_AGGRESSIVE;
				CLANG_WARN_UNREACHABLE_CODE = YES;
				CLANG_WARN__DUPLICATE_METHOD_MATCH = YES;
				COPY_PHASE_STRIP = NO;
				DEBUG_INFORMATION_FORMAT = "dwarf-with-dsym";
				ENABLE_NS_ASSERTIONS = NO;
				ENABLE_STRICT_OBJC_MSGSEND = YES;
				GCC_C_LANGUAGE_STANDARD = gnu11;
				GCC_NO_COMMON_BLOCKS = YES;
				GCC_WARN_64_TO_32_BIT_CONVERSION = YES;
				GCC_WARN_ABOUT_RETURN_TYPE = YES_ERROR;
				GCC_WARN_UNDECLARED_SELECTOR = YES;
				GCC_WARN_UNINITIALIZED_AUTOS = YES_AGGRESSIVE;
				GCC_WARN_UNUSED_FUNCTION = YES;
				GCC_WARN_UNUSED_VARIABLE = YES;
				IPHONEOS_DEPLOYMENT_TARGET = 10.0;
				MTL_ENABLE_DEBUG_INFO = NO;
				MTL_FAST_MATH = YES;
				SDKROOT = iphoneos;
				VALIDATE_PRODUCT = YES;
			};
			name = Release;
		};
		7805BB4826580F8500A5D121 /* Debug */ = {
			isa = XCBuildConfiguration;
			baseConfigurationReference = FDB49806E5309C0618CDD745 /* Pods-YJ.debug.xcconfig */;
			buildSettings = {
				ASSETCATALOG_COMPILER_APPICON_NAME = AppIcon;
				ASSETCATALOG_COMPILER_GLOBAL_ACCENT_COLOR_NAME = AccentColor;
				CODE_SIGN_ENTITLEMENTS = YJ/YJ.entitlements;
				CODE_SIGN_IDENTITY = "Apple Development";
				CODE_SIGN_STYLE = Automatic;
				DEVELOPMENT_TEAM = P876T3DAQ6;
				GCC_PREFIX_HEADER = "$(SRCROOT)/YJ/PrefixHeader.pch";
				INFOPLIST_FILE = YJ/Info.plist;
				LD_RUNPATH_SEARCH_PATHS = (
					"$(inherited)",
					"@executable_path/Frameworks",
				);
				PRODUCT_BUNDLE_IDENTIFIER = com.yj.dev20210525;
				PRODUCT_NAME = "$(TARGET_NAME)";
				PROVISIONING_PROFILE_SPECIFIER = "";
				TARGETED_DEVICE_FAMILY = 1;
			};
			name = Debug;
		};
		7805BB4926580F8500A5D121 /* Release */ = {
			isa = XCBuildConfiguration;
			baseConfigurationReference = 1E1790B1C974E326113C7CC0 /* Pods-YJ.release.xcconfig */;
			buildSettings = {
				ASSETCATALOG_COMPILER_APPICON_NAME = AppIcon;
				ASSETCATALOG_COMPILER_GLOBAL_ACCENT_COLOR_NAME = AccentColor;
				CODE_SIGN_ENTITLEMENTS = YJ/YJ.entitlements;
				CODE_SIGN_IDENTITY = "Apple Development";
				CODE_SIGN_STYLE = Automatic;
				DEVELOPMENT_TEAM = P876T3DAQ6;
				GCC_PREFIX_HEADER = "$(SRCROOT)/YJ/PrefixHeader.pch";
				INFOPLIST_FILE = YJ/Info.plist;
				LD_RUNPATH_SEARCH_PATHS = (
					"$(inherited)",
					"@executable_path/Frameworks",
				);
				PRODUCT_BUNDLE_IDENTIFIER = com.yj.dev20210525;
				PRODUCT_NAME = "$(TARGET_NAME)";
				PROVISIONING_PROFILE_SPECIFIER = "";
				TARGETED_DEVICE_FAMILY = 1;
			};
			name = Release;
		};
		7805BB4B26580F8500A5D121 /* Debug */ = {
			isa = XCBuildConfiguration;
			baseConfigurationReference = 08DDF0EF3FFD25361D6D372C /* Pods-YJTests.debug.xcconfig */;
			buildSettings = {
				BUNDLE_LOADER = "$(TEST_HOST)";
				CODE_SIGN_STYLE = Automatic;
				DEVELOPMENT_TEAM = Z85T74BVPW;
				INFOPLIST_FILE = YJTests/Info.plist;
				IPHONEOS_DEPLOYMENT_TARGET = 14.0;
				LD_RUNPATH_SEARCH_PATHS = (
					"$(inherited)",
					"@executable_path/Frameworks",
					"@loader_path/Frameworks",
				);
				PRODUCT_BUNDLE_IDENTIFIER = flowerflower.YJTests;
				PRODUCT_NAME = "$(TARGET_NAME)";
				TARGETED_DEVICE_FAMILY = "1,2";
				TEST_HOST = "$(BUILT_PRODUCTS_DIR)/YJ.app/YJ";
			};
			name = Debug;
		};
		7805BB4C26580F8500A5D121 /* Release */ = {
			isa = XCBuildConfiguration;
			baseConfigurationReference = D572BF818F449F38CBD4F159 /* Pods-YJTests.release.xcconfig */;
			buildSettings = {
				BUNDLE_LOADER = "$(TEST_HOST)";
				CODE_SIGN_STYLE = Automatic;
				DEVELOPMENT_TEAM = Z85T74BVPW;
				INFOPLIST_FILE = YJTests/Info.plist;
				IPHONEOS_DEPLOYMENT_TARGET = 14.0;
				LD_RUNPATH_SEARCH_PATHS = (
					"$(inherited)",
					"@executable_path/Frameworks",
					"@loader_path/Frameworks",
				);
				PRODUCT_BUNDLE_IDENTIFIER = flowerflower.YJTests;
				PRODUCT_NAME = "$(TARGET_NAME)";
				TARGETED_DEVICE_FAMILY = "1,2";
				TEST_HOST = "$(BUILT_PRODUCTS_DIR)/YJ.app/YJ";
			};
			name = Release;
		};
		7805BB4E26580F8500A5D121 /* Debug */ = {
			isa = XCBuildConfiguration;
			baseConfigurationReference = CEA265105839F15EA0102A67 /* Pods-YJ-YJUITests.debug.xcconfig */;
			buildSettings = {
				CODE_SIGN_STYLE = Automatic;
				DEVELOPMENT_TEAM = Z85T74BVPW;
				INFOPLIST_FILE = YJUITests/Info.plist;
				LD_RUNPATH_SEARCH_PATHS = (
					"$(inherited)",
					"@executable_path/Frameworks",
					"@loader_path/Frameworks",
				);
				PRODUCT_BUNDLE_IDENTIFIER = flowerflower.YJUITests;
				PRODUCT_NAME = "$(TARGET_NAME)";
				TARGETED_DEVICE_FAMILY = "1,2";
				TEST_TARGET_NAME = YJ;
			};
			name = Debug;
		};
		7805BB4F26580F8500A5D121 /* Release */ = {
			isa = XCBuildConfiguration;
			baseConfigurationReference = F7908DE6DC762267972160BD /* Pods-YJ-YJUITests.release.xcconfig */;
			buildSettings = {
				CODE_SIGN_STYLE = Automatic;
				DEVELOPMENT_TEAM = Z85T74BVPW;
				INFOPLIST_FILE = YJUITests/Info.plist;
				LD_RUNPATH_SEARCH_PATHS = (
					"$(inherited)",
					"@executable_path/Frameworks",
					"@loader_path/Frameworks",
				);
				PRODUCT_BUNDLE_IDENTIFIER = flowerflower.YJUITests;
				PRODUCT_NAME = "$(TARGET_NAME)";
				TARGETED_DEVICE_FAMILY = "1,2";
				TEST_TARGET_NAME = YJ;
			};
			name = Release;
		};
/* End XCBuildConfiguration section */

/* Begin XCConfigurationList section */
		7805BB1326580F8300A5D121 /* Build configuration list for PBXProject "YJ" */ = {
			isa = XCConfigurationList;
			buildConfigurations = (
				7805BB4526580F8500A5D121 /* Debug */,
				7805BB4626580F8500A5D121 /* Release */,
			);
			defaultConfigurationIsVisible = 0;
			defaultConfigurationName = Debug;
		};
		7805BB4726580F8500A5D121 /* Build configuration list for PBXNativeTarget "YJ" */ = {
			isa = XCConfigurationList;
			buildConfigurations = (
				7805BB4826580F8500A5D121 /* Debug */,
				7805BB4926580F8500A5D121 /* Release */,
			);
			defaultConfigurationIsVisible = 0;
			defaultConfigurationName = Debug;
		};
		7805BB4A26580F8500A5D121 /* Build configuration list for PBXNativeTarget "YJTests" */ = {
			isa = XCConfigurationList;
			buildConfigurations = (
				7805BB4B26580F8500A5D121 /* Debug */,
				7805BB4C26580F8500A5D121 /* Release */,
			);
			defaultConfigurationIsVisible = 0;
			defaultConfigurationName = Debug;
		};
		7805BB4D26580F8500A5D121 /* Build configuration list for PBXNativeTarget "YJUITests" */ = {
			isa = XCConfigurationList;
			buildConfigurations = (
				7805BB4E26580F8500A5D121 /* Debug */,
				7805BB4F26580F8500A5D121 /* Release */,
			);
			defaultConfigurationIsVisible = 0;
			defaultConfigurationName = Debug;
		};
/* End XCConfigurationList section */
	};
	rootObject = 7805BB1026580F8300A5D121 /* Project object */;
}
