// !$*UTF8*$!
{
	archiveVersion = 1;
	classes = {
	};
	objectVersion = 51;
	objects = {

/* Begin PBXBuildFile section */
		075C45B442ACEBD21B45F35B /* Pods_YJTests.framework in Frameworks */ = {isa = PBXBuildFile; fileRef = 7B89D6251BF7DABC027F93FC /* Pods_YJTests.framework */; };
		775E511ADDD753C430ACD9C5 /* Pods_YJ.framework in Frameworks */ = {isa = PBXBuildFile; fileRef = 4C34FE3E98CD8D003D2649E4 /* Pods_YJ.framework */; };
		7805BB1D26580F8300A5D121 /* AppDelegate.m in Sources */ = {isa = PBXBuildFile; fileRef = 7805BB1C26580F8300A5D121 /* AppDelegate.m */; };
		7805BB2026580F8300A5D121 /* SceneDelegate.m in Sources */ = {isa = PBXBuildFile; fileRef = 7805BB1F26580F8300A5D121 /* SceneDelegate.m */; };
		7805BB2326580F8300A5D121 /* ViewController.m in Sources */ = {isa = PBXBuildFile; fileRef = 7805BB2226580F8300A5D121 /* ViewController.m */; };
		7805BB2626580F8300A5D121 /* Main.storyboard in Resources */ = {isa = PBXBuildFile; fileRef = 7805BB2426580F8300A5D121 /* Main.storyboard */; };
		7805BB2826580F8400A5D121 /* Assets.xcassets in Resources */ = {isa = PBXBuildFile; fileRef = 7805BB2726580F8400A5D121 /* Assets.xcassets */; };
		7805BB2B26580F8400A5D121 /* LaunchScreen.storyboard in Resources */ = {isa = PBXBuildFile; fileRef = 7805BB2926580F8400A5D121 /* LaunchScreen.storyboard */; };
		7805BB2E26580F8400A5D121 /* main.m in Sources */ = {isa = PBXBuildFile; fileRef = 7805BB2D26580F8400A5D121 /* main.m */; };
		7805BB3826580F8500A5D121 /* YJTests.m in Sources */ = {isa = PBXBuildFile; fileRef = 7805BB3726580F8500A5D121 /* YJTests.m */; };
		7805BB4326580F8500A5D121 /* YJUITests.m in Sources */ = {isa = PBXBuildFile; fileRef = 7805BB4226580F8500A5D121 /* YJUITests.m */; };
		7805BBBD26581DDD00A5D121 /* Foundation+SCCategory.m in Sources */ = {isa = PBXBuildFile; fileRef = 7805BBB826581DDD00A5D121 /* Foundation+SCCategory.m */; };
		7805BBBE26581DDD00A5D121 /* UIView+Category.m in Sources */ = {isa = PBXBuildFile; fileRef = 7805BBB926581DDD00A5D121 /* UIView+Category.m */; };
		7805BBE62658213E00A5D121 /* HHHudManager.m in Sources */ = {isa = PBXBuildFile; fileRef = 7805BBE42658213E00A5D121 /* HHHudManager.m */; };
		7805BBF7265895A600A5D121 /* HTTPRequest+NotLogin.m in Sources */ = {isa = PBXBuildFile; fileRef = 7805BBF0265895A600A5D121 /* HTTPRequest+NotLogin.m */; };
		7805BBF8265895A600A5D121 /* HTTPRequest.m in Sources */ = {isa = PBXBuildFile; fileRef = 7805BBF1265895A600A5D121 /* HTTPRequest.m */; };
		7805BBF9265895A600A5D121 /* AFHTTPSessionManager+Config.m in Sources */ = {isa = PBXBuildFile; fileRef = 7805BBF2265895A600A5D121 /* AFHTTPSessionManager+Config.m */; };
		7805BC022658961200A5D121 /* MBProgressHUD+Category.m in Sources */ = {isa = PBXBuildFile; fileRef = 7805BC012658961200A5D121 /* MBProgressHUD+Category.m */; };
		7805BC15265898CB00A5D121 /* SCDefaultValue.m in Sources */ = {isa = PBXBuildFile; fileRef = 7805BC14265898CA00A5D121 /* SCDefaultValue.m */; };
		7805BC442658A5A800A5D121 /* HomeCell.m in Sources */ = {isa = PBXBuildFile; fileRef = 7805BC422658A5A800A5D121 /* HomeCell.m */; };
		7805BC452658A5A800A5D121 /* HomeCell.xib in Resources */ = {isa = PBXBuildFile; fileRef = 7805BC432658A5A800A5D121 /* HomeCell.xib */; };
		7805BC4B2658CA8D00A5D121 /* HomeViewController.m in Sources */ = {isa = PBXBuildFile; fileRef = 7805BC4A2658CA8D00A5D121 /* HomeViewController.m */; };
		839E4C88E2C468C7E63416C2 /* Pods_YJ_YJUITests.framework in Frameworks */ = {isa = PBXBuildFile; fileRef = 1C4FDA5095297AF6529B1AF0 /* Pods_YJ_YJUITests.framework */; };
/* End PBXBuildFile section */

/* Begin PBXContainerItemProxy section */
		7805BB3426580F8500A5D121 /* PBXContainerItemProxy */ = {
			isa = PBXContainerItemProxy;
			containerPortal = 7805BB1026580F8300A5D121 /* Project object */;
			proxyType = 1;
			remoteGlobalIDString = 7805BB1726580F8300A5D121;
			remoteInfo = YJ;
		};
		7805BB3F26580F8500A5D121 /* PBXContainerItemProxy */ = {
			isa = PBXContainerItemProxy;
			containerPortal = 7805BB1026580F8300A5D121 /* Project object */;
			proxyType = 1;
			remoteGlobalIDString = 7805BB1726580F8300A5D121;
			remoteInfo = YJ;
		};
/* End PBXContainerItemProxy section */

/* Begin PBXFileReference section */
		08DDF0EF3FFD25361D6D372C /* Pods-YJTests.debug.xcconfig */ = {isa = PBXFileReference; includeInIndex = 1; lastKnownFileType = text.xcconfig; name = "Pods-YJTests.debug.xcconfig"; path = "Target Support Files/Pods-YJTests/Pods-YJTests.debug.xcconfig"; sourceTree = "<group>"; };
		1C4FDA5095297AF6529B1AF0 /* Pods_YJ_YJUITests.framework */ = {isa = PBXFileReference; explicitFileType = wrapper.framework; includeInIndex = 0; path = Pods_YJ_YJUITests.framework; sourceTree = BUILT_PRODUCTS_DIR; };
		1E1790B1C974E326113C7CC0 /* Pods-YJ.release.xcconfig */ = {isa = PBXFileReference; includeInIndex = 1; lastKnownFileType = text.xcconfig; name = "Pods-YJ.release.xcconfig"; path = "Target Support Files/Pods-YJ/Pods-YJ.release.xcconfig"; sourceTree = "<group>"; };
		4C34FE3E98CD8D003D2649E4 /* Pods_YJ.framework */ = {isa = PBXFileReference; explicitFileType = wrapper.framework; includeInIndex = 0; path = Pods_YJ.framework; sourceTree = BUILT_PRODUCTS_DIR; };
		7805BB1826580F8300A5D121 /* YJ.app */ = {isa = PBXFileReference; explicitFileType = wrapper.application; includeInIndex = 0; path = YJ.app; sourceTree = BUILT_PRODUCTS_DIR; };
		7805BB1B26580F8300A5D121 /* AppDelegate.h */ = {isa = PBXFileReference; lastKnownFileType = sourcecode.c.h; path = AppDelegate.h; sourceTree = "<group>"; };
		7805BB1C26580F8300A5D121 /* AppDelegate.m */ = {isa = PBXFileReference; lastKnownFileType = sourcecode.c.objc; path = AppDelegate.m; sourceTree = "<group>"; };
		7805BB1E26580F8300A5D121 /* SceneDelegate.h */ = {isa = PBXFileReference; lastKnownFileType = sourcecode.c.h; path = SceneDelegate.h; sourceTree = "<group>"; };
		7805BB1F26580F8300A5D121 /* SceneDelegate.m */ = {isa = PBXFileReference; lastKnownFileType = sourcecode.c.objc; path = SceneDelegate.m; sourceTree = "<group>"; };
		7805BB2126580F8300A5D121 /* ViewController.h */ = {isa = PBXFileReference; lastKnownFileType = sourcecode.c.h; path = ViewController.h; sourceTree = "<group>"; };
		7805BB2226580F8300A5D121 /* ViewController.m */ = {isa = PBXFileReference; lastKnownFileType = sourcecode.c.objc; path = ViewController.m; sourceTree = "<group>"; };
		7805BB2526580F8300A5D121 /* Base */ = {isa = PBXFileReference; lastKnownFileType = file.storyboard; name = Base; path = Base.lproj/Main.storyboard; sourceTree = "<group>"; };
		7805BB2726580F8400A5D121 /* Assets.xcassets */ = {isa = PBXFileReference; lastKnownFileType = folder.assetcatalog; path = Assets.xcassets; sourceTree = "<group>"; };
		7805BB2A26580F8400A5D121 /* Base */ = {isa = PBXFileReference; lastKnownFileType = file.storyboard; name = Base; path = Base.lproj/LaunchScreen.storyboard; sourceTree = "<group>"; };
		7805BB2C26580F8400A5D121 /* Info.plist */ = {isa = PBXFileReference; lastKnownFileType = text.plist.xml; path = Info.plist; sourceTree = "<group>"; };
		7805BB2D26580F8400A5D121 /* main.m */ = {isa = PBXFileReference; lastKnownFileType = sourcecode.c.objc; path = main.m; sourceTree = "<group>"; };
		7805BB3326580F8500A5D121 /* YJTests.xctest */ = {isa = PBXFileReference; explicitFileType = wrapper.cfbundle; includeInIndex = 0; path = YJTests.xctest; sourceTree = BUILT_PRODUCTS_DIR; };
		7805BB3726580F8500A5D121 /* YJTests.m */ = {isa = PBXFileReference; lastKnownFileType = sourcecode.c.objc; path = YJTests.m; sourceTree = "<group>"; };
		7805BB3926580F8500A5D121 /* Info.plist */ = {isa = PBXFileReference; lastKnownFileType = text.plist.xml; path = Info.plist; sourceTree = "<group>"; };
		7805BB3E26580F8500A5D121 /* YJUITests.xctest */ = {isa = PBXFileReference; explicitFileType = wrapper.cfbundle; includeInIndex = 0; path = YJUITests.xctest; sourceTree = BUILT_PRODUCTS_DIR; };
		7805BB4226580F8500A5D121 /* YJUITests.m */ = {isa = PBXFileReference; lastKnownFileType = sourcecode.c.objc; path = YJUITests.m; sourceTree = "<group>"; };
		7805BB4426580F8500A5D121 /* Info.plist */ = {isa = PBXFileReference; lastKnownFileType = text.plist.xml; path = Info.plist; sourceTree = "<group>"; };
		7805BB9F265816BF00A5D121 /* HHMacros.h */ = {isa = PBXFileReference; fileEncoding = 4; lastKnownFileType = sourcecode.c.h; path = HHMacros.h; sourceTree = "<group>"; };
		7805BBB226581D7C00A5D121 /* PrefixHeader.pch */ = {isa = PBXFileReference; lastKnownFileType = sourcecode.c.h; path = PrefixHeader.pch; sourceTree = "<group>"; };
		7805BBB826581DDD00A5D121 /* Foundation+SCCategory.m */ = {isa = PBXFileReference; fileEncoding = 4; lastKnownFileType = sourcecode.c.objc; path = "Foundation+SCCategory.m"; sourceTree = "<group>"; };
		7805BBB926581DDD00A5D121 /* UIView+Category.m */ = {isa = PBXFileReference; fileEncoding = 4; lastKnownFileType = sourcecode.c.objc; path = "UIView+Category.m"; sourceTree = "<group>"; };
		7805BBBA26581DDD00A5D121 /* Foundation+SCCategory.h */ = {isa = PBXFileReference; fileEncoding = 4; lastKnownFileType = sourcecode.c.h; path = "Foundation+SCCategory.h"; sourceTree = "<group>"; };
		7805BBBB26581DDD00A5D121 /* UIView+Category.h */ = {isa = PBXFileReference; fileEncoding = 4; lastKnownFileType = sourcecode.c.h; path = "UIView+Category.h"; sourceTree = "<group>"; };
		7805BBE42658213E00A5D121 /* HHHudManager.m */ = {isa = PBXFileReference; fileEncoding = 4; lastKnownFileType = sourcecode.c.objc; path = HHHudManager.m; sourceTree = "<group>"; };
		7805BBEF265895A600A5D121 /* AFHTTPSessionManager+Config.h */ = {isa = PBXFileReference; fileEncoding = 4; lastKnownFileType = sourcecode.c.h; path = "AFHTTPSessionManager+Config.h"; sourceTree = "<group>"; };
		7805BBF0265895A600A5D121 /* HTTPRequest+NotLogin.m */ = {isa = PBXFileReference; fileEncoding = 4; lastKnownFileType = sourcecode.c.objc; path = "HTTPRequest+NotLogin.m"; sourceTree = "<group>"; };
		7805BBF1265895A600A5D121 /* HTTPRequest.m */ = {isa = PBXFileReference; fileEncoding = 4; lastKnownFileType = sourcecode.c.objc; path = HTTPRequest.m; sourceTree = "<group>"; };
		7805BBF2265895A600A5D121 /* AFHTTPSessionManager+Config.m */ = {isa = PBXFileReference; fileEncoding = 4; lastKnownFileType = sourcecode.c.objc; path = "AFHTTPSessionManager+Config.m"; sourceTree = "<group>"; };
		7805BBF4265895A600A5D121 /* HTTPRequest+NotLogin.h */ = {isa = PBXFileReference; fileEncoding = 4; lastKnownFileType = sourcecode.c.h; path = "HTTPRequest+NotLogin.h"; sourceTree = "<group>"; };
		7805BBF5265895A600A5D121 /* HTTPRequest.h */ = {isa = PBXFileReference; fileEncoding = 4; lastKnownFileType = sourcecode.c.h; path = HTTPRequest.h; sourceTree = "<group>"; };
		7805BC002658961200A5D121 /* MBProgressHUD+Category.h */ = {isa = PBXFileReference; fileEncoding = 4; lastKnownFileType = sourcecode.c.h; path = "MBProgressHUD+Category.h"; sourceTree = "<group>"; };
		7805BC012658961200A5D121 /* MBProgressHUD+Category.m */ = {isa = PBXFileReference; fileEncoding = 4; lastKnownFileType = sourcecode.c.objc; path = "MBProgressHUD+Category.m"; sourceTree = "<group>"; };
		7805BC13265898CA00A5D121 /* SCDefaultValue.h */ = {isa = PBXFileReference; fileEncoding = 4; lastKnownFileType = sourcecode.c.h; path = SCDefaultValue.h; sourceTree = "<group>"; };
		7805BC14265898CA00A5D121 /* SCDefaultValue.m */ = {isa = PBXFileReference; fileEncoding = 4; lastKnownFileType = sourcecode.c.objc; path = SCDefaultValue.m; sourceTree = "<group>"; };
		7805BC2526589FA700A5D121 /* HHHudManager.h */ = {isa = PBXFileReference; fileEncoding = 4; lastKnownFileType = sourcecode.c.h; path = HHHudManager.h; sourceTree = "<group>"; };
		7805BC412658A5A800A5D121 /* HomeCell.h */ = {isa = PBXFileReference; lastKnownFileType = sourcecode.c.h; path = HomeCell.h; sourceTree = "<group>"; };
		7805BC422658A5A800A5D121 /* HomeCell.m */ = {isa = PBXFileReference; lastKnownFileType = sourcecode.c.objc; path = HomeCell.m; sourceTree = "<group>"; };
		7805BC432658A5A800A5D121 /* HomeCell.xib */ = {isa = PBXFileReference; lastKnownFileType = file.xib; path = HomeCell.xib; sourceTree = "<group>"; };
		7805BC492658CA8D00A5D121 /* HomeViewController.h */ = {isa = PBXFileReference; lastKnownFileType = sourcecode.c.h; path = HomeViewController.h; sourceTree = "<group>"; };
		7805BC4A2658CA8D00A5D121 /* HomeViewController.m */ = {isa = PBXFileReference; lastKnownFileType = sourcecode.c.objc; path = HomeViewController.m; sourceTree = "<group>"; };
		7B89D6251BF7DABC027F93FC /* Pods_YJTests.framework */ = {isa = PBXFileReference; explicitFileType = wrapper.framework; includeInIndex = 0; path = Pods_YJTests.framework; sourceTree = BUILT_PRODUCTS_DIR; };
		CEA265105839F15EA0102A67 /* Pods-YJ-YJUITests.debug.xcconfig */ = {isa = PBXFileReference; includeInIndex = 1; lastKnownFileType = text.xcconfig; name = "Pods-YJ-YJUITests.debug.xcconfig"; path = "Target Support Files/Pods-YJ-YJUITests/Pods-YJ-YJUITests.debug.xcconfig"; sourceTree = "<group>"; };
		D572BF818F449F38CBD4F159 /* Pods-YJTests.release.xcconfig */ = {isa = PBXFileReference; includeInIndex = 1; lastKnownFileType = text.xcconfig; name = "Pods-YJTests.release.xcconfig"; path = "Target Support Files/Pods-YJTests/Pods-YJTests.release.xcconfig"; sourceTree = "<group>"; };
		F7908DE6DC762267972160BD /* Pods-YJ-YJUITests.release.xcconfig */ = {isa = PBXFileReference; includeInIndex = 1; lastKnownFileType = text.xcconfig; name = "Pods-YJ-YJUITests.release.xcconfig"; path = "Target Support Files/Pods-YJ-YJUITests/Pods-YJ-YJUITests.release.xcconfig"; sourceTree = "<group>"; };
		FDB49806E5309C0618CDD745 /* Pods-YJ.debug.xcconfig */ = {isa = PBXFileReference; includeInIndex = 1; lastKnownFileType = text.xcconfig; name = "Pods-YJ.debug.xcconfig"; path = "Target Support Files/Pods-YJ/Pods-YJ.debug.xcconfig"; sourceTree = "<group>"; };
/* End PBXFileReference section */

/* Begin PBXFrameworksBuildPhase section */
		7805BB1526580F8300A5D121 /* Frameworks */ = {
			isa = PBXFrameworksBuildPhase;
			buildActionMask = 2147483647;
			files = (
				775E511ADDD753C430ACD9C5 /* Pods_YJ.framework in Frameworks */,
			);
			runOnlyForDeploymentPostprocessing = 0;
		};
		7805BB3026580F8500A5D121 /* Frameworks */ = {
			isa = PBXFrameworksBuildPhase;
			buildActionMask = 2147483647;
			files = (
				075C45B442ACEBD21B45F35B /* Pods_YJTests.framework in Frameworks */,
			);
			runOnlyForDeploymentPostprocessing = 0;
		};
		7805BB3B26580F8500A5D121 /* Frameworks */ = {
			isa = PBXFrameworksBuildPhase;
			buildActionMask = 2147483647;
			files = (
				839E4C88E2C468C7E63416C2 /* Pods_YJ_YJUITests.framework in Frameworks */,
			);
			runOnlyForDeploymentPostprocessing = 0;
		};
/* End PBXFrameworksBuildPhase section */

/* Begin PBXGroup section */
		1E8206401FE67C5291B3578B /* Pods */ = {
			isa = PBXGroup;
			children = (
				FDB49806E5309C0618CDD745 /* Pods-YJ.debug.xcconfig */,
				1E1790B1C974E326113C7CC0 /* Pods-YJ.release.xcconfig */,
				CEA265105839F15EA0102A67 /* Pods-YJ-YJUITests.debug.xcconfig */,
				F7908DE6DC762267972160BD /* Pods-YJ-YJUITests.release.xcconfig */,
				08DDF0EF3FFD25361D6D372C /* Pods-YJTests.debug.xcconfig */,
				D572BF818F449F38CBD4F159 /* Pods-YJTests.release.xcconfig */,
			);
			path = Pods;
			sourceTree = "<group>";
		};
		7805BB0F26580F8300A5D121 = {
			isa = PBXGroup;
			children = (
				7805BB1A26580F8300A5D121 /* YJ */,
				7805BB3626580F8500A5D121 /* YJTests */,
				7805BB4126580F8500A5D121 /* YJUITests */,
				7805BB1926580F8300A5D121 /* Products */,
				1E8206401FE67C5291B3578B /* Pods */,
				D8847B799B86F2BC85C7411C /* Frameworks */,
			);
			sourceTree = "<group>";
		};
		7805BB1926580F8300A5D121 /* Products */ = {
			isa = PBXGroup;
			children = (
				7805BB1826580F8300A5D121 /* YJ.app */,
				7805BB3326580F8500A5D121 /* YJTests.xctest */,
				7805BB3E26580F8500A5D121 /* YJUITests.xctest */,
			);
			name = Products;
			sourceTree = "<group>";
		};
		7805BB1A26580F8300A5D121 /* YJ */ = {
			isa = PBXGroup;
			children = (
				7805BBB626581DDD00A5D121 /* Util */,
				7805BB9F265816BF00A5D121 /* HHMacros.h */,
				7805BB1B26580F8300A5D121 /* AppDelegate.h */,
				7805BB1C26580F8300A5D121 /* AppDelegate.m */,
				7805BB1E26580F8300A5D121 /* SceneDelegate.h */,
				7805BB1F26580F8300A5D121 /* SceneDelegate.m */,
				7805BB2126580F8300A5D121 /* ViewController.h */,
				7805BB2226580F8300A5D121 /* ViewController.m */,
				7805BC492658CA8D00A5D121 /* HomeViewController.h */,
				7805BC4A2658CA8D00A5D121 /* HomeViewController.m */,
				7805BC412658A5A800A5D121 /* HomeCell.h */,
				7805BC422658A5A800A5D121 /* HomeCell.m */,
				7805BC432658A5A800A5D121 /* HomeCell.xib */,
				7805BB2426580F8300A5D121 /* Main.storyboard */,
				7805BB2726580F8400A5D121 /* Assets.xcassets */,
				7805BB2926580F8400A5D121 /* LaunchScreen.storyboard */,
				7805BB2C26580F8400A5D121 /* Info.plist */,
				7805BB2D26580F8400A5D121 /* main.m */,
				7805BBB226581D7C00A5D121 /* PrefixHeader.pch */,
			);
			path = YJ;
			sourceTree = "<group>";
		};
		7805BB3626580F8500A5D121 /* YJTests */ = {
			isa = PBXGroup;
			children = (
				7805BB3726580F8500A5D121 /* YJTests.m */,
				7805BB3926580F8500A5D121 /* Info.plist */,
			);
			path = YJTests;
			sourceTree = "<group>";
		};
		7805BB4126580F8500A5D121 /* YJUITests */ = {
			isa = PBXGroup;
			children = (
				7805BB4226580F8500A5D121 /* YJUITests.m */,
				7805BB4426580F8500A5D121 /* Info.plist */,
			);
			path = YJUITests;
			sourceTree = "<group>";
		};
		7805BBB626581DDD00A5D121 /* Util */ = {
			isa = PBXGroup;
			children = (
				7805BBED265895A600A5D121 /* Network */,
				7805BBB726581DDD00A5D121 /* Category */,
				7805BBBC26581DDD00A5D121 /* Refresh */,
			);
			path = Util;
			sourceTree = "<group>";
		};
		7805BBB726581DDD00A5D121 /* Category */ = {
			isa = PBXGroup;
			children = (
				7805BC13265898CA00A5D121 /* SCDefaultValue.h */,
				7805BC14265898CA00A5D121 /* SCDefaultValue.m */,
				7805BC2526589FA700A5D121 /* HHHudManager.h */,
				7805BBE42658213E00A5D121 /* HHHudManager.m */,
				7805BBB826581DDD00A5D121 /* Foundation+SCCategory.m */,
				7805BBB926581DDD00A5D121 /* UIView+Category.m */,
				7805BBBA26581DDD00A5D121 /* Foundation+SCCategory.h */,
				7805BBBB26581DDD00A5D121 /* UIView+Category.h */,
			);
			path = Category;
			sourceTree = "<group>";
		};
		7805BBBC26581DDD00A5D121 /* Refresh */ = {
			isa = PBXGroup;
			children = (
			);
			path = Refresh;
			sourceTree = "<group>";
		};
		7805BBED265895A600A5D121 /* Network */ = {
			isa = PBXGroup;
			children = (
				7805BC002658961200A5D121 /* MBProgressHUD+Category.h */,
				7805BC012658961200A5D121 /* MBProgressHUD+Category.m */,
				7805BBEF265895A600A5D121 /* AFHTTPSessionManager+Config.h */,
				7805BBF0265895A600A5D121 /* HTTPRequest+NotLogin.m */,
				7805BBF1265895A600A5D121 /* HTTPRequest.m */,
				7805BBF2265895A600A5D121 /* AFHTTPSessionManager+Config.m */,
				7805BBF4265895A600A5D121 /* HTTPRequest+NotLogin.h */,
				7805BBF5265895A600A5D121 /* HTTPRequest.h */,
			);
			path = Network;
			sourceTree = "<group>";
		};
		D8847B799B86F2BC85C7411C /* Frameworks */ = {
			isa = PBXGroup;
			children = (
				4C34FE3E98CD8D003D2649E4 /* Pods_YJ.framework */,
				1C4FDA5095297AF6529B1AF0 /* Pods_YJ_YJUITests.framework */,
				7B89D6251BF7DABC027F93FC /* Pods_YJTests.framework */,
			);
			name = Frameworks;
			sourceTree = "<group>";
		};
/* End PBXGroup section */

/* Begin PBXNativeTarget section */
		7805BB1726580F8300A5D121 /* YJ */ = {
			isa = PBXNativeTarget;
			buildConfigurationList = 7805BB4726580F8500A5D121 /* Build configuration list for PBXNativeTarget "YJ" */;
			buildPhases = (
				EC15854EB3A3C1E3BB466F60 /* [CP] Check Pods Manifest.lock */,
				7805BB1426580F8300A5D121 /* Sources */,
				7805BB1526580F8300A5D121 /* Frameworks */,
				7805BB1626580F8300A5D121 /* Resources */,
				F4F7B02B5D3A35A3E7EDC320 /* [CP] Embed Pods Frameworks */,
			);
			buildRules = (
			);
			dependencies = (
			);
			name = YJ;
			productName = YJ;
			productReference = 7805BB1826580F8300A5D121 /* YJ.app */;
			productType = "com.apple.product-type.application";
		};
		7805BB3226580F8500A5D121 /* YJTests */ = {
			isa = PBXNativeTarget;
			buildConfigurationList = 7805BB4A26580F8500A5D121 /* Build configuration list for PBXNativeTarget "YJTests" */;
			buildPhases = (
				0A1B63352F06467E04A040D8 /* [CP] Check Pods Manifest.lock */,
				7805BB2F26580F8500A5D121 /* Sources */,
				7805BB3026580F8500A5D121 /* Frameworks */,
				7805BB3126580F8500A5D121 /* Resources */,
			);
			buildRules = (
			);
			dependencies = (
				7805BB3526580F8500A5D121 /* PBXTargetDependency */,
			);
			name = YJTests;
			productName = YJTests;
			productReference = 7805BB3326580F8500A5D121 /* YJTests.xctest */;
			productType = "com.apple.product-type.bundle.unit-test";
		};
		7805BB3D26580F8500A5D121 /* YJUITests */ = {
			isa = PBXNativeTarget;
			buildConfigurationList = 7805BB4D26580F8500A5D121 /* Build configuration list for PBXNativeTarget "YJUITests" */;
			buildPhases = (
				FB7B7D41F3F38EB4F8CB49A9 /* [CP] Check Pods Manifest.lock */,
				7805BB3A26580F8500A5D121 /* Sources */,
				7805BB3B26580F8500A5D121 /* Frameworks */,
				7805BB3C26580F8500A5D121 /* Resources */,
				26A038FE2CD03F380BE9A754 /* [CP] Embed Pods Frameworks */,
			);
			buildRules = (
			);
			dependencies = (
				7805BB4026580F8500A5D121 /* PBXTargetDependency */,
			);
			name = YJUITests;
			productName = YJUITests;
			productReference = 7805BB3E26580F8500A5D121 /* YJUITests.xctest */;
			productType = "com.apple.product-type.bundle.ui-testing";
		};
/* End PBXNativeTarget section */

/* Begin PBXProject section */
		7805BB1026580F8300A5D121 /* Project object */ = {
			isa = PBXProject;
			attributes = {
				LastUpgradeCheck = 1200;
				TargetAttributes = {
					7805BB1726580F8300A5D121 = {
						CreatedOnToolsVersion = 12.0.1;
					};
					7805BB3226580F8500A5D121 = {
						CreatedOnToolsVersion = 12.0.1;
						TestTargetID = 7805BB1726580F8300A5D121;
					};
					7805BB3D26580F8500A5D121 = {
						CreatedOnToolsVersion = 12.0.1;
						TestTargetID = 7805BB1726580F8300A5D121;
					};
				};
			};
			buildConfigurationList = 7805BB1326580F8300A5D121 /* Build configuration list for PBXProject "YJ" */;
			compatibilityVersion = "Xcode 9.3";
			developmentRegion = en;
			hasScannedForEncodings = 0;
			knownRegions = (
				en,
				Base,
			);
			mainGroup = 7805BB0F26580F8300A5D121;
			productRefGroup = 7805BB1926580F8300A5D121 /* Products */;
			projectDirPath = "";
			projectRoot = "";
			targets = (
				7805BB1726580F8300A5D121 /* YJ */,
				7805BB3226580F8500A5D121 /* YJTests */,
				7805BB3D26580F8500A5D121 /* YJUITests */,
			);
		};
/* End PBXProject section */

/* Begin PBXResourcesBuildPhase section */
		7805BB1626580F8300A5D121 /* Resources */ = {
			isa = PBXResourcesBuildPhase;
			buildActionMask = 2147483647;
			files = (
				7805BB2B26580F8400A5D121 /* LaunchScreen.storyboard in Resources */,
				7805BB2826580F8400A5D121 /* Assets.xcassets in Resources */,
				7805BC452658A5A800A5D121 /* HomeCell.xib in Resources */,
				7805BB2626580F8300A5D121 /* Main.storyboard in Resources */,
			);
			runOnlyForDeploymentPostprocessing = 0;
		};
		7805BB3126580F8500A5D121 /* Resources */ = {
			isa = PBXResourcesBuildPhase;
			buildActionMask = 2147483647;
			files = (
			);
			runOnlyForDeploymentPostprocessing = 0;
		};
		7805BB3C26580F8500A5D121 /* Resources */ = {
			isa = PBXResourcesBuildPhase;
			buildActionMask = 2147483647;
			files = (
			);
			runOnlyForDeploymentPostprocessing = 0;
		};
/* End PBXResourcesBuildPhase section */

/* Begin PBXShellScriptBuildPhase section */
		0A1B63352F06467E04A040D8 /* [CP] Check Pods Manifest.lock */ = {
			isa = PBXShellScriptBuildPhase;
			buildActionMask = 2147483647;
			files = (
			);
			inputFileListPaths = (
			);
			inputPaths = (
				"${PODS_PODFILE_DIR_PATH}/Podfile.lock",
				"${PODS_ROOT}/Manifest.lock",
			);
			name = "[CP] Check Pods Manifest.lock";
			outputFileListPaths = (
			);
			outputPaths = (
				"$(DERIVED_FILE_DIR)/Pods-YJTests-checkManifestLockResult.txt",
			);
			runOnlyForDeploymentPostprocessing = 0;
			shellPath = /bin/sh;
			shellScript = "diff \"${PODS_PODFILE_DIR_PATH}/Podfile.lock\" \"${PODS_ROOT}/Manifest.lock\" > /dev/null\nif [ $? != 0 ] ; then\n    # print error to STDERR\n    echo \"error: The sandbox is not in sync with the Podfile.lock. Run 'pod install' or update your CocoaPods installation.\" >&2\n    exit 1\nfi\n# This output is used by Xcode 'outputs' to avoid re-running this script phase.\necho \"SUCCESS\" > \"${SCRIPT_OUTPUT_FILE_0}\"\n";
			showEnvVarsInLog = 0;
		};
		26A038FE2CD03F380BE9A754 /* [CP] Embed Pods Frameworks */ = {
			isa = PBXShellScriptBuildPhase;
			buildActionMask = 2147483647;
			files = (
			);
			inputFileListPaths = (
				"${PODS_ROOT}/Target Support Files/Pods-YJ-YJUITests/Pods-YJ-YJUITests-frameworks-${CONFIGURATION}-input-files.xcfilelist",
			);
			name = "[CP] Embed Pods Frameworks";
			outputFileListPaths = (
				"${PODS_ROOT}/Target Support Files/Pods-YJ-YJUITests/Pods-YJ-YJUITests-frameworks-${CONFIGURATION}-output-files.xcfilelist",
			);
			runOnlyForDeploymentPostprocessing = 0;
			shellPath = /bin/sh;
			shellScript = "\"${PODS_ROOT}/Target Support Files/Pods-YJ-YJUITests/Pods-YJ-YJUITests-frameworks.sh\"\n";
			showEnvVarsInLog = 0;
		};
		EC15854EB3A3C1E3BB466F60 /* [CP] Check Pods Manifest.lock */ = {
			isa = PBXShellScriptBuildPhase;
			buildActionMask = 2147483647;
			files = (
			);
			inputFileListPaths = (
			);
			inputPaths = (
				"${PODS_PODFILE_DIR_PATH}/Podfile.lock",
				"${PODS_ROOT}/Manifest.lock",
			);
			name = "[CP] Check Pods Manifest.lock";
			outputFileListPaths = (
			);
			outputPaths = (
				"$(DERIVED_FILE_DIR)/Pods-YJ-checkManifestLockResult.txt",
			);
			runOnlyForDeploymentPostprocessing = 0;
			shellPath = /bin/sh;
			shellScript = "diff \"${PODS_PODFILE_DIR_PATH}/Podfile.lock\" \"${PODS_ROOT}/Manifest.lock\" > /dev/null\nif [ $? != 0 ] ; then\n    # print error to STDERR\n    echo \"error: The sandbox is not in sync with the Podfile.lock. Run 'pod install' or update your CocoaPods installation.\" >&2\n    exit 1\nfi\n# This output is used by Xcode 'outputs' to avoid re-running this script phase.\necho \"SUCCESS\" > \"${SCRIPT_OUTPUT_FILE_0}\"\n";
			showEnvVarsInLog = 0;
		};
		F4F7B02B5D3A35A3E7EDC320 /* [CP] Embed Pods Frameworks */ = {
			isa = PBXShellScriptBuildPhase;
			buildActionMask = 2147483647;
			files = (
			);
			inputFileListPaths = (
				"${PODS_ROOT}/Target Support Files/Pods-YJ/Pods-YJ-frameworks-${CONFIGURATION}-input-files.xcfilelist",
			);
			name = "[CP] Embed Pods Frameworks";
			outputFileListPaths = (
				"${PODS_ROOT}/Target Support Files/Pods-YJ/Pods-YJ-frameworks-${CONFIGURATION}-output-files.xcfilelist",
			);
			runOnlyForDeploymentPostprocessing = 0;
			shellPath = /bin/sh;
			shellScript = "\"${PODS_ROOT}/Target Support Files/Pods-YJ/Pods-YJ-frameworks.sh\"\n";
			showEnvVarsInLog = 0;
		};
		FB7B7D41F3F38EB4F8CB49A9 /* [CP] Check Pods Manifest.lock */ = {
			isa = PBXShellScriptBuildPhase;
			buildActionMask = 2147483647;
			files = (
			);
			inputFileListPaths = (
			);
			inputPaths = (
				"${PODS_PODFILE_DIR_PATH}/Podfile.lock",
				"${PODS_ROOT}/Manifest.lock",
			);
			name = "[CP] Check Pods Manifest.lock";
			outputFileListPaths = (
			);
			outputPaths = (
				"$(DERIVED_FILE_DIR)/Pods-YJ-YJUITests-checkManifestLockResult.txt",
			);
			runOnlyForDeploymentPostprocessing = 0;
			shellPath = /bin/sh;
			shellScript = "diff \"${PODS_PODFILE_DIR_PATH}/Podfile.lock\" \"${PODS_ROOT}/Manifest.lock\" > /dev/null\nif [ $? != 0 ] ; then\n    # print error to STDERR\n    echo \"error: The sandbox is not in sync with the Podfile.lock. Run 'pod install' or update your CocoaPods installation.\" >&2\n    exit 1\nfi\n# This output is used by Xcode 'outputs' to avoid re-running this script phase.\necho \"SUCCESS\" > \"${SCRIPT_OUTPUT_FILE_0}\"\n";
			showEnvVarsInLog = 0;
		};
/* End PBXShellScriptBuildPhase section */

/* Begin PBXSourcesBuildPhase section */
		7805BB1426580F8300A5D121 /* Sources */ = {
			isa = PBXSourcesBuildPhase;
			buildActionMask = 2147483647;
			files = (
				7805BBBD26581DDD00A5D121 /* Foundation+SCCategory.m in Sources */,
				7805BC022658961200A5D121 /* MBProgressHUD+Category.m in Sources */,
				7805BBE62658213E00A5D121 /* HHHudManager.m in Sources */,
				7805BBF9265895A600A5D121 /* AFHTTPSessionManager+Config.m in Sources */,
				7805BB2326580F8300A5D121 /* ViewController.m in Sources */,
				7805BC4B2658CA8D00A5D121 /* HomeViewController.m in Sources */,
				7805BC442658A5A800A5D121 /* HomeCell.m in Sources */,
				7805BBF8265895A600A5D121 /* HTTPRequest.m in Sources */,
				7805BB1D26580F8300A5D121 /* AppDelegate.m in Sources */,
				7805BC15265898CB00A5D121 /* SCDefaultValue.m in Sources */,
				7805BBF7265895A600A5D121 /* HTTPRequest+NotLogin.m in Sources */,
				7805BB2E26580F8400A5D121 /* main.m in Sources */,
				7805BBBE26581DDD00A5D121 /* UIView+Category.m in Sources */,
				7805BB2026580F8300A5D121 /* SceneDelegate.m in Sources */,
			);
			runOnlyForDeploymentPostprocessing = 0;
		};
		7805BB2F26580F8500A5D121 /* Sources */ = {
			isa = PBXSourcesBuildPhase;
			buildActionMask = 2147483647;
			files = (
				7805BB3826580F8500A5D121 /* YJTests.m in Sources */,
			);
			runOnlyForDeploymentPostprocessing = 0;
		};
		7805BB3A26580F8500A5D121 /* Sources */ = {
			isa = PBXSourcesBuildPhase;
			buildActionMask = 2147483647;
			files = (
				7805BB4326580F8500A5D121 /* YJUITests.m in Sources */,
			);
			runOnlyForDeploymentPostprocessing = 0;
		};
/* End PBXSourcesBuildPhase section */

/* Begin PBXTargetDependency section */
		7805BB3526580F8500A5D121 /* PBXTargetDependency */ = {
			isa = PBXTargetDependency;
			target = 7805BB1726580F8300A5D121 /* YJ */;
			targetProxy = 7805BB3426580F8500A5D121 /* PBXContainerItemProxy */;
		};
		7805BB4026580F8500A5D121 /* PBXTargetDependency */ = {
			isa = PBXTargetDependency;
			target = 7805BB1726580F8300A5D121 /* YJ */;
			targetProxy = 7805BB3F26580F8500A5D121 /* PBXContainerItemProxy */;
		};
/* End PBXTargetDependency section */

/* Begin PBXVariantGroup section */
		7805BB2426580F8300A5D121 /* Main.storyboard */ = {
			isa = PBXVariantGroup;
			children = (
				7805BB2526580F8300A5D121 /* Base */,
			);
			name = Main.storyboard;
			sourceTree = "<group>";
		};
		7805BB2926580F8400A5D121 /* LaunchScreen.storyboard */ = {
			isa = PBXVariantGroup;
			children = (
				7805BB2A26580F8400A5D121 /* Base */,
			);
			name = LaunchScreen.storyboard;
			sourceTree = "<group>";
		};
/* End PBXVariantGroup section */

/* Begin XCBuildConfiguration section */
		7805BB4526580F8500A5D121 /* Debug */ = {
			isa = XCBuildConfiguration;
			buildSettings = {
				ALWAYS_SEARCH_USER_PATHS = NO;
				CLANG_ANALYZER_NONNULL = YES;
				CLANG_ANALYZER_NUMBER_OBJECT_CONVERSION = YES_AGGRESSIVE;
				CLANG_CXX_LANGUAGE_STANDARD = "gnu++14";
				CLANG_CXX_LIBRARY = "libc++";
				CLANG_ENABLE_MODULES = YES;
				CLANG_ENABLE_OBJC_ARC = YES;
				CLANG_ENABLE_OBJC_WEAK = YES;
				CLANG_WARN_BLOCK_CAPTURE_AUTORELEASING = YES;
				CLANG_WARN_BOOL_CONVERSION = YES;
				CLANG_WARN_COMMA = YES;
				CLANG_WARN_CONSTANT_CONVERSION = YES;
				CLANG_WARN_DEPRECATED_OBJC_IMPLEMENTATIONS = YES;
				CLANG_WARN_DIRECT_OBJC_ISA_USAGE = YES_ERROR;
				CLANG_WARN_DOCUMENTATION_COMMENTS = YES;
				CLANG_WARN_EMPTY_BODY = YES;
				CLANG_WARN_ENUM_CONVERSION = YES;
				CLANG_WARN_INFINITE_RECURSION = YES;
				CLANG_WARN_INT_CONVERSION = YES;
				CLANG_WARN_NON_LITERAL_NULL_CONVERSION = YES;
				CLANG_WARN_OBJC_IMPLICIT_RETAIN_SELF = YES;
				CLANG_WARN_OBJC_LITERAL_CONVERSION = YES;
				CLANG_WARN_OBJC_ROOT_CLASS = YES_ERROR;
				CLANG_WARN_QUOTED_INCLUDE_IN_FRAMEWORK_HEADER = YES;
				CLANG_WARN_RANGE_LOOP_ANALYSIS = YES;
				CLANG_WARN_STRICT_PROTOTYPES = YES;
				CLANG_WARN_SUSPICIOUS_MOVE = YES;
				CLANG_WARN_UNGUARDED_AVAILABILITY = YES_AGGRESSIVE;
				CLANG_WARN_UNREACHABLE_CODE = YES;
				CLANG_WARN__DUPLICATE_METHOD_MATCH = YES;
				COPY_PHASE_STRIP = NO;
				DEBUG_INFORMATION_FORMAT = dwarf;
				ENABLE_STRICT_OBJC_MSGSEND = YES;
				ENABLE_TESTABILITY = YES;
				GCC_C_LANGUAGE_STANDARD = gnu11;
				GCC_DYNAMIC_NO_PIC = NO;
				GCC_NO_COMMON_BLOCKS = YES;
				GCC_OPTIMIZATION_LEVEL = 0;
				GCC_PREPROCESSOR_DEFINITIONS = (
					"DEBUG=1",
					"$(inherited)",
				);
				GCC_WARN_64_TO_32_BIT_CONVERSION = YES;
				GCC_WARN_ABOUT_RETURN_TYPE = YES_ERROR;
				GCC_WARN_UNDECLARED_SELECTOR = YES;
				GCC_WARN_UNINITIALIZED_AUTOS = YES_AGGRESSIVE;
				GCC_WARN_UNUSED_FUNCTION = YES;
				GCC_WARN_UNUSED_VARIABLE = YES;
				IPHONEOS_DEPLOYMENT_TARGET = 14.0;
				MTL_ENABLE_DEBUG_INFO = INCLUDE_SOURCE;
				MTL_FAST_MATH = YES;
				ONLY_ACTIVE_ARCH = YES;
				SDKROOT = iphoneos;
			};
			name = Debug;
		};
		7805BB4626580F8500A5D121 /* Release */ = {
			isa = XCBuildConfiguration;
			buildSettings = {
				ALWAYS_SEARCH_USER_PATHS = NO;
				CLANG_ANALYZER_NONNULL = YES;
				CLANG_ANALYZER_NUMBER_OBJECT_CONVERSION = YES_AGGRESSIVE;
				CLANG_CXX_LANGUAGE_STANDARD = "gnu++14";
				CLANG_CXX_LIBRARY = "libc++";
				CLANG_ENABLE_MODULES = YES;
				CLANG_ENABLE_OBJC_ARC = YES;
				CLANG_ENABLE_OBJC_WEAK = YES;
				CLANG_WARN_BLOCK_CAPTURE_AUTORELEASING = YES;
				CLANG_WARN_BOOL_CONVERSION = YES;
				CLANG_WARN_COMMA = YES;
				CLANG_WARN_CONSTANT_CONVERSION = YES;
				CLANG_WARN_DEPRECATED_OBJC_IMPLEMENTATIONS = YES;
				CLANG_WARN_DIRECT_OBJC_ISA_USAGE = YES_ERROR;
				CLANG_WARN_DOCUMENTATION_COMMENTS = YES;
				CLANG_WARN_EMPTY_BODY = YES;
				CLANG_WARN_ENUM_CONVERSION = YES;
				CLANG_WARN_INFINITE_RECURSION = YES;
				CLANG_WARN_INT_CONVERSION = YES;
				CLANG_WARN_NON_LITERAL_NULL_CONVERSION = YES;
				CLANG_WARN_OBJC_IMPLICIT_RETAIN_SELF = YES;
				CLANG_WARN_OBJC_LITERAL_CONVERSION = YES;
				CLANG_WARN_OBJC_ROOT_CLASS = YES_ERROR;
				CLANG_WARN_QUOTED_INCLUDE_IN_FRAMEWORK_HEADER = YES;
				CLANG_WARN_RANGE_LOOP_ANALYSIS = YES;
				CLANG_WARN_STRICT_PROTOTYPES = YES;
				CLANG_WARN_SUSPICIOUS_MOVE = YES;
				CLANG_WARN_UNGUARDED_AVAILABILITY = YES_AGGRESSIVE;
				CLANG_WARN_UNREACHABLE_CODE = YES;
				CLANG_WARN__DUPLICATE_METHOD_MATCH = YES;
				COPY_PHASE_STRIP = NO;
				DEBUG_INFORMATION_FORMAT = "dwarf-with-dsym";
				ENABLE_NS_ASSERTIONS = NO;
				ENABLE_STRICT_OBJC_MSGSEND = YES;
				GCC_C_LANGUAGE_STANDARD = gnu11;
				GCC_NO_COMMON_BLOCKS = YES;
				GCC_WARN_64_TO_32_BIT_CONVERSION = YES;
				GCC_WARN_ABOUT_RETURN_TYPE = YES_ERROR;
				GCC_WARN_UNDECLARED_SELECTOR = YES;
				GCC_WARN_UNINITIALIZED_AUTOS = YES_AGGRESSIVE;
				GCC_WARN_UNUSED_FUNCTION = YES;
				GCC_WARN_UNUSED_VARIABLE = YES;
				IPHONEOS_DEPLOYMENT_TARGET = 14.0;
				MTL_ENABLE_DEBUG_INFO = NO;
				MTL_FAST_MATH = YES;
				SDKROOT = iphoneos;
				VALIDATE_PRODUCT = YES;
			};
			name = Release;
		};
		7805BB4826580F8500A5D121 /* Debug */ = {
			isa = XCBuildConfiguration;
			baseConfigurationReference = FDB49806E5309C0618CDD745 /* Pods-YJ.debug.xcconfig */;
			buildSettings = {
				ASSETCATALOG_COMPILER_APPICON_NAME = AppIcon;
				ASSETCATALOG_COMPILER_GLOBAL_ACCENT_COLOR_NAME = AccentColor;
				CODE_SIGN_STYLE = Automatic;
				DEVELOPMENT_TEAM = Z85T74BVPW;
				GCC_PREFIX_HEADER = "$(SRCROOT)/YJ/PrefixHeader.pch";
				INFOPLIST_FILE = YJ/Info.plist;
				LD_RUNPATH_SEARCH_PATHS = (
					"$(inherited)",
					"@executable_path/Frameworks",
				);
				PRODUCT_BUNDLE_IDENTIFIER = flowerflower.YJ;
				PRODUCT_NAME = "$(TARGET_NAME)";
				TARGETED_DEVICE_FAMILY = "1,2";
			};
			name = Debug;
		};
		7805BB4926580F8500A5D121 /* Release */ = {
			isa = XCBuildConfiguration;
			baseConfigurationReference = 1E1790B1C974E326113C7CC0 /* Pods-YJ.release.xcconfig */;
			buildSettings = {
				ASSETCATALOG_COMPILER_APPICON_NAME = AppIcon;
				ASSETCATALOG_COMPILER_GLOBAL_ACCENT_COLOR_NAME = AccentColor;
				CODE_SIGN_STYLE = Automatic;
				DEVELOPMENT_TEAM = Z85T74BVPW;
				GCC_PREFIX_HEADER = "$(SRCROOT)/YJ/PrefixHeader.pch";
				INFOPLIST_FILE = YJ/Info.plist;
				LD_RUNPATH_SEARCH_PATHS = (
					"$(inherited)",
					"@executable_path/Frameworks",
				);
				PRODUCT_BUNDLE_IDENTIFIER = flowerflower.YJ;
				PRODUCT_NAME = "$(TARGET_NAME)";
				TARGETED_DEVICE_FAMILY = "1,2";
			};
			name = Release;
		};
		7805BB4B26580F8500A5D121 /* Debug */ = {
			isa = XCBuildConfiguration;
			baseConfigurationReference = 08DDF0EF3FFD25361D6D372C /* Pods-YJTests.debug.xcconfig */;
			buildSettings = {
				BUNDLE_LOADER = "$(TEST_HOST)";
				CODE_SIGN_STYLE = Automatic;
				DEVELOPMENT_TEAM = Z85T74BVPW;
				INFOPLIST_FILE = YJTests/Info.plist;
				IPHONEOS_DEPLOYMENT_TARGET = 14.0;
				LD_RUNPATH_SEARCH_PATHS = (
					"$(inherited)",
					"@executable_path/Frameworks",
					"@loader_path/Frameworks",
				);
				PRODUCT_BUNDLE_IDENTIFIER = flowerflower.YJTests;
				PRODUCT_NAME = "$(TARGET_NAME)";
				TARGETED_DEVICE_FAMILY = "1,2";
				TEST_HOST = "$(BUILT_PRODUCTS_DIR)/YJ.app/YJ";
			};
			name = Debug;
		};
		7805BB4C26580F8500A5D121 /* Release */ = {
			isa = XCBuildConfiguration;
			baseConfigurationReference = D572BF818F449F38CBD4F159 /* Pods-YJTests.release.xcconfig */;
			buildSettings = {
				BUNDLE_LOADER = "$(TEST_HOST)";
				CODE_SIGN_STYLE = Automatic;
				DEVELOPMENT_TEAM = Z85T74BVPW;
				INFOPLIST_FILE = YJTests/Info.plist;
				IPHONEOS_DEPLOYMENT_TARGET = 14.0;
				LD_RUNPATH_SEARCH_PATHS = (
					"$(inherited)",
					"@executable_path/Frameworks",
					"@loader_path/Frameworks",
				);
				PRODUCT_BUNDLE_IDENTIFIER = flowerflower.YJTests;
				PRODUCT_NAME = "$(TARGET_NAME)";
				TARGETED_DEVICE_FAMILY = "1,2";
				TEST_HOST = "$(BUILT_PRODUCTS_DIR)/YJ.app/YJ";
			};
			name = Release;
		};
		7805BB4E26580F8500A5D121 /* Debug */ = {
			isa = XCBuildConfiguration;
			baseConfigurationReference = CEA265105839F15EA0102A67 /* Pods-YJ-YJUITests.debug.xcconfig */;
			buildSettings = {
				CODE_SIGN_STYLE = Automatic;
				DEVELOPMENT_TEAM = Z85T74BVPW;
				INFOPLIST_FILE = YJUITests/Info.plist;
				LD_RUNPATH_SEARCH_PATHS = (
					"$(inherited)",
					"@executable_path/Frameworks",
					"@loader_path/Frameworks",
				);
				PRODUCT_BUNDLE_IDENTIFIER = flowerflower.YJUITests;
				PRODUCT_NAME = "$(TARGET_NAME)";
				TARGETED_DEVICE_FAMILY = "1,2";
				TEST_TARGET_NAME = YJ;
			};
			name = Debug;
		};
		7805BB4F26580F8500A5D121 /* Release */ = {
			isa = XCBuildConfiguration;
			baseConfigurationReference = F7908DE6DC762267972160BD /* Pods-YJ-YJUITests.release.xcconfig */;
			buildSettings = {
				CODE_SIGN_STYLE = Automatic;
				DEVELOPMENT_TEAM = Z85T74BVPW;
				INFOPLIST_FILE = YJUITests/Info.plist;
				LD_RUNPATH_SEARCH_PATHS = (
					"$(inherited)",
					"@executable_path/Frameworks",
					"@loader_path/Frameworks",
				);
				PRODUCT_BUNDLE_IDENTIFIER = flowerflower.YJUITests;
				PRODUCT_NAME = "$(TARGET_NAME)";
				TARGETED_DEVICE_FAMILY = "1,2";
				TEST_TARGET_NAME = YJ;
			};
			name = Release;
		};
/* End XCBuildConfiguration section */

/* Begin XCConfigurationList section */
		7805BB1326580F8300A5D121 /* Build configuration list for PBXProject "YJ" */ = {
			isa = XCConfigurationList;
			buildConfigurations = (
				7805BB4526580F8500A5D121 /* Debug */,
				7805BB4626580F8500A5D121 /* Release */,
			);
			defaultConfigurationIsVisible = 0;
			defaultConfigurationName = Release;
		};
		7805BB4726580F8500A5D121 /* Build configuration list for PBXNativeTarget "YJ" */ = {
			isa = XCConfigurationList;
			buildConfigurations = (
				7805BB4826580F8500A5D121 /* Debug */,
				7805BB4926580F8500A5D121 /* Release */,
			);
			defaultConfigurationIsVisible = 0;
			defaultConfigurationName = Release;
		};
		7805BB4A26580F8500A5D121 /* Build configuration list for PBXNativeTarget "YJTests" */ = {
			isa = XCConfigurationList;
			buildConfigurations = (
				7805BB4B26580F8500A5D121 /* Debug */,
				7805BB4C26580F8500A5D121 /* Release */,
			);
			defaultConfigurationIsVisible = 0;
			defaultConfigurationName = Release;
		};
		7805BB4D26580F8500A5D121 /* Build configuration list for PBXNativeTarget "YJUITests" */ = {
			isa = XCConfigurationList;
			buildConfigurations = (
				7805BB4E26580F8500A5D121 /* Debug */,
				7805BB4F26580F8500A5D121 /* Release */,
			);
			defaultConfigurationIsVisible = 0;
			defaultConfigurationName = Release;
		};
/* End XCConfigurationList section */
	};
	rootObject = 7805BB1026580F8300A5D121 /* Project object */;
}
